// !$*UTF8*$!
{
	archiveVersion = 1;
	classes = {
	};
	objectVersion = 46;
	objects = {

/* Begin PBXBuildFile section */
		431166FF1ACE123D00ED78BA /* EntryAccessoryView.xib in Resources */ = {isa = PBXBuildFile; fileRef = 431166FE1ACE123D00ED78BA /* EntryAccessoryView.xib */; };
		431167011ACE125A00ED78BA /* EntryAccessoryView.swift in Sources */ = {isa = PBXBuildFile; fileRef = 431167001ACE125A00ED78BA /* EntryAccessoryView.swift */; };
		4319E0D61ABA73A9006BFA40 /* NSDate+Utilities.m in Sources */ = {isa = PBXBuildFile; fileRef = 4319E0D51ABA73A9006BFA40 /* NSDate+Utilities.m */; };
		4319E0D91ABA78F3006BFA40 /* Calendar.swift in Sources */ = {isa = PBXBuildFile; fileRef = 4319E0D81ABA78F3006BFA40 /* Calendar.swift */; };
		4319E0DB1ABA7CE2006BFA40 /* UIViewController+.swift in Sources */ = {isa = PBXBuildFile; fileRef = 4319E0DA1ABA7CE2006BFA40 /* UIViewController+.swift */; };
		4319E0E41ABA85A4006BFA40 /* EventEmitter.swift in Sources */ = {isa = PBXBuildFile; fileRef = 4319E0E31ABA85A4006BFA40 /* EventEmitter.swift */; };
		432A60251AEB0163000CBDFA /* TimerController.swift in Sources */ = {isa = PBXBuildFile; fileRef = 432A60241AEB0163000CBDFA /* TimerController.swift */; };
		432B08241ABBDA6A00DBDF72 /* EntryTableViewCell.swift in Sources */ = {isa = PBXBuildFile; fileRef = 432B08221ABBDA6A00DBDF72 /* EntryTableViewCell.swift */; };
		432B08251ABBDA6A00DBDF72 /* EntryTableViewCell.xib in Resources */ = {isa = PBXBuildFile; fileRef = 432B08231ABBDA6A00DBDF72 /* EntryTableViewCell.xib */; };
		432B08271ABBE0E400DBDF72 /* EntryViewController.swift in Sources */ = {isa = PBXBuildFile; fileRef = 432B08261ABBE0E400DBDF72 /* EntryViewController.swift */; };
		43313E401ADF729F006FAF8E /* PersistenceController.swift in Sources */ = {isa = PBXBuildFile; fileRef = 43313E3F1ADF729F006FAF8E /* PersistenceController.swift */; };
		43313E421AE03FD4006FAF8E /* SyncController.swift in Sources */ = {isa = PBXBuildFile; fileRef = 43313E411AE03FD4006FAF8E /* SyncController.swift */; };
		4345E0441A9D6F3D008896D3 /* Alamofire+.swift in Sources */ = {isa = PBXBuildFile; fileRef = 4345E0431A9D6F3D008896D3 /* Alamofire+.swift */; };
		4345E0481A9D9F86008896D3 /* SwipeView.m in Sources */ = {isa = PBXBuildFile; fileRef = 4345E0471A9D9F86008896D3 /* SwipeView.m */; };
		4345E04B1A9DA080008896D3 /* TimerEntryView.xib in Resources */ = {isa = PBXBuildFile; fileRef = 4345E04A1A9DA080008896D3 /* TimerEntryView.xib */; };
		4345E04D1A9DB1CD008896D3 /* TimerEntryView.swift in Sources */ = {isa = PBXBuildFile; fileRef = 4345E04C1A9DB1CD008896D3 /* TimerEntryView.swift */; };
		4345E04F1A9EB409008896D3 /* DurationSliderView.swift in Sources */ = {isa = PBXBuildFile; fileRef = 4345E04E1A9EB409008896D3 /* DurationSliderView.swift */; };
		434AC9C01AE17742001D7BF2 /* CoreDataTestCase.swift in Sources */ = {isa = PBXBuildFile; fileRef = 434AC9BF1AE17742001D7BF2 /* CoreDataTestCase.swift */; };
		434AC9C21AE17793001D7BF2 /* ClientTestCase.swift in Sources */ = {isa = PBXBuildFile; fileRef = 434AC9C11AE17793001D7BF2 /* ClientTestCase.swift */; };
		434AC9C51AE17806001D7BF2 /* SyncController.swift in Sources */ = {isa = PBXBuildFile; fileRef = 43313E411AE03FD4006FAF8E /* SyncController.swift */; };
		434CAA9F1AE5AE1200B7C459 /* CalendarViewController.swift in Sources */ = {isa = PBXBuildFile; fileRef = 434CAA9D1AE5AE1200B7C459 /* CalendarViewController.swift */; };
		434CAAA01AE5AE1200B7C459 /* CalendarViewController.xib in Resources */ = {isa = PBXBuildFile; fileRef = 434CAA9E1AE5AE1200B7C459 /* CalendarViewController.xib */; };
		4351B99F1A9AAB440008E8CD /* Resource.swift in Sources */ = {isa = PBXBuildFile; fileRef = 4351B99E1A9AAB440008E8CD /* Resource.swift */; };
		435C35401AEC564800FA70F2 /* TimerBarButtonItem.swift in Sources */ = {isa = PBXBuildFile; fileRef = 435C353F1AEC564800FA70F2 /* TimerBarButtonItem.swift */; };
		4377BA7A1AE72AAD001F9B5B /* CaretKit.h in Headers */ = {isa = PBXBuildFile; fileRef = 4377BA791AE72AAD001F9B5B /* CaretKit.h */; settings = {ATTRIBUTES = (Public, ); }; };
		4377BA801AE72AAD001F9B5B /* CaretKit.framework in Frameworks */ = {isa = PBXBuildFile; fileRef = 4377BA751AE72AAC001F9B5B /* CaretKit.framework */; };
		4377BA891AE72AAD001F9B5B /* CaretKitTests.swift in Sources */ = {isa = PBXBuildFile; fileRef = 4377BA881AE72AAD001F9B5B /* CaretKitTests.swift */; };
		4377BA8C1AE72AAD001F9B5B /* CaretKit.framework in Frameworks */ = {isa = PBXBuildFile; fileRef = 4377BA751AE72AAC001F9B5B /* CaretKit.framework */; };
		4377BA8D1AE72AAD001F9B5B /* CaretKit.framework in Embed Frameworks */ = {isa = PBXBuildFile; fileRef = 4377BA751AE72AAC001F9B5B /* CaretKit.framework */; settings = {ATTRIBUTES = (CodeSignOnCopy, RemoveHeadersOnCopy, ); }; };
		4377BA9F1AE73342001F9B5B /* InterfaceController.swift in Sources */ = {isa = PBXBuildFile; fileRef = 4377BA9E1AE73342001F9B5B /* InterfaceController.swift */; };
		4377BAA11AE73342001F9B5B /* NotificationController.swift in Sources */ = {isa = PBXBuildFile; fileRef = 4377BAA01AE73342001F9B5B /* NotificationController.swift */; };
		4377BAA31AE73342001F9B5B /* GlanceController.swift in Sources */ = {isa = PBXBuildFile; fileRef = 4377BAA21AE73342001F9B5B /* GlanceController.swift */; };
		4377BAA51AE73342001F9B5B /* Images.xcassets in Resources */ = {isa = PBXBuildFile; fileRef = 4377BAA41AE73342001F9B5B /* Images.xcassets */; };
		4377BAA91AE73343001F9B5B /* Caret WatchKit App.app in Resources */ = {isa = PBXBuildFile; fileRef = 4377BAA81AE73343001F9B5B /* Caret WatchKit App.app */; };
		4377BAB11AE73343001F9B5B /* Interface.storyboard in Resources */ = {isa = PBXBuildFile; fileRef = 4377BAAF1AE73343001F9B5B /* Interface.storyboard */; };
		4377BAB31AE73343001F9B5B /* Images.xcassets in Resources */ = {isa = PBXBuildFile; fileRef = 4377BAB21AE73343001F9B5B /* Images.xcassets */; };
		4377BAB61AE73343001F9B5B /* Caret WatchKit Extension.appex in Embed App Extensions */ = {isa = PBXBuildFile; fileRef = 4377BA991AE73342001F9B5B /* Caret WatchKit Extension.appex */; settings = {ATTRIBUTES = (RemoveHeadersOnCopy, ); }; };
		4379C3511AEE17B90003F003 /* CaretKit.framework in Frameworks */ = {isa = PBXBuildFile; fileRef = 4377BA751AE72AAC001F9B5B /* CaretKit.framework */; };
		4388238C1AE3570B00A24D02 /* ProjectTestCase.swift in Sources */ = {isa = PBXBuildFile; fileRef = 4388238B1AE3570B00A24D02 /* ProjectTestCase.swift */; };
		4388238D1AE3572500A24D02 /* Project.swift in Sources */ = {isa = PBXBuildFile; fileRef = 438CB0031AE2DC2500E0F1E2 /* Project.swift */; };
		4388238E1AE3572500A24D02 /* ProjectHelper.swift in Sources */ = {isa = PBXBuildFile; fileRef = 438CB0051AE2DC9800E0F1E2 /* ProjectHelper.swift */; };
		438823901AE37DDD00A24D02 /* Client.swift in Sources */ = {isa = PBXBuildFile; fileRef = 4388238F1AE37DDD00A24D02 /* Client.swift */; };
		438823911AE37E2100A24D02 /* Client.swift in Sources */ = {isa = PBXBuildFile; fileRef = 4388238F1AE37DDD00A24D02 /* Client.swift */; };
		438823951AE42BE500A24D02 /* Entry.swift in Sources */ = {isa = PBXBuildFile; fileRef = 438823941AE42BE500A24D02 /* Entry.swift */; };
		438823971AE42FE200A24D02 /* EntryHelper.swift in Sources */ = {isa = PBXBuildFile; fileRef = 438823961AE42FE200A24D02 /* EntryHelper.swift */; };
		438823991AE4325100A24D02 /* EntryTestCase.swift in Sources */ = {isa = PBXBuildFile; fileRef = 438823981AE4325100A24D02 /* EntryTestCase.swift */; };
		4388239A1AE4327700A24D02 /* Entry.swift in Sources */ = {isa = PBXBuildFile; fileRef = 438823941AE42BE500A24D02 /* Entry.swift */; };
		4388239B1AE4327700A24D02 /* EntryHelper.swift in Sources */ = {isa = PBXBuildFile; fileRef = 438823961AE42FE200A24D02 /* EntryHelper.swift */; };
		438CB0041AE2DC2500E0F1E2 /* Project.swift in Sources */ = {isa = PBXBuildFile; fileRef = 438CB0031AE2DC2500E0F1E2 /* Project.swift */; };
		438CB0061AE2DC9800E0F1E2 /* ProjectHelper.swift in Sources */ = {isa = PBXBuildFile; fileRef = 438CB0051AE2DC9800E0F1E2 /* ProjectHelper.swift */; };
		438CB0091AE3171900E0F1E2 /* Project.storyboard in Resources */ = {isa = PBXBuildFile; fileRef = 438CB0071AE3171900E0F1E2 /* Project.storyboard */; };
		438CB00B1AE3178400E0F1E2 /* ProjectsViewController.swift in Sources */ = {isa = PBXBuildFile; fileRef = 438CB00A1AE3178400E0F1E2 /* ProjectsViewController.swift */; };
		438CB00D1AE3179D00E0F1E2 /* ProjectViewController.swift in Sources */ = {isa = PBXBuildFile; fileRef = 438CB00C1AE3179D00E0F1E2 /* ProjectViewController.swift */; };
		439FC9411AE184D30079D10F /* ClientHelper.swift in Sources */ = {isa = PBXBuildFile; fileRef = 43F9DA0E1ADF39B3005ED457 /* ClientHelper.swift */; };
		439FC9431AE1BB4D0079D10F /* SyncControllerTestCase.swift in Sources */ = {isa = PBXBuildFile; fileRef = 439FC9421AE1BB4D0079D10F /* SyncControllerTestCase.swift */; };
		43BC260A1AA57D8F00CA1E53 /* PanPauseGestureRecognizer.swift in Sources */ = {isa = PBXBuildFile; fileRef = 43BC26091AA57D8F00CA1E53 /* PanPauseGestureRecognizer.swift */; };
		43BC260F1AA6AEC800CA1E53 /* decimalMinutesToTime.swift in Sources */ = {isa = PBXBuildFile; fileRef = 43BC260E1AA6AEC800CA1E53 /* decimalMinutesToTime.swift */; };
		43BC26111AA6C5CD00CA1E53 /* whereIs.swift in Sources */ = {isa = PBXBuildFile; fileRef = 43BC26101AA6C5CD00CA1E53 /* whereIs.swift */; };
		43CD64BF1AC3C77A00BBD68F /* MergeTableViewController.swift in Sources */ = {isa = PBXBuildFile; fileRef = 43CD64BE1AC3C77A00BBD68F /* MergeTableViewController.swift */; };
		43D587001ACCD0200083F079 /* CalendarView.swift in Sources */ = {isa = PBXBuildFile; fileRef = 43D586FA1ACCD0200083F079 /* CalendarView.swift */; };
		43D587011ACCD0200083F079 /* ContentView.swift in Sources */ = {isa = PBXBuildFile; fileRef = 43D586FB1ACCD0200083F079 /* ContentView.swift */; };
		43D587021ACCD0200083F079 /* DayView.swift in Sources */ = {isa = PBXBuildFile; fileRef = 43D586FC1ACCD0200083F079 /* DayView.swift */; };
		43D587031ACCD0200083F079 /* EasyCast.swift in Sources */ = {isa = PBXBuildFile; fileRef = 43D586FD1ACCD0200083F079 /* EasyCast.swift */; };
		43D587041ACCD0200083F079 /* MonthView.swift in Sources */ = {isa = PBXBuildFile; fileRef = 43D586FE1ACCD0200083F079 /* MonthView.swift */; };
		43D587051ACCD0200083F079 /* WeekView.swift in Sources */ = {isa = PBXBuildFile; fileRef = 43D586FF1ACCD0200083F079 /* WeekView.swift */; };
		43E0123F1A993E9800647961 /* AppDelegate.swift in Sources */ = {isa = PBXBuildFile; fileRef = 43E0123E1A993E9800647961 /* AppDelegate.swift */; };
		43E012411A993E9800647961 /* EntriesViewController.swift in Sources */ = {isa = PBXBuildFile; fileRef = 43E012401A993E9800647961 /* EntriesViewController.swift */; };
		43E012431A993E9800647961 /* ReportsViewController.swift in Sources */ = {isa = PBXBuildFile; fileRef = 43E012421A993E9800647961 /* ReportsViewController.swift */; };
		43E012461A993E9800647961 /* Main.storyboard in Resources */ = {isa = PBXBuildFile; fileRef = 43E012441A993E9800647961 /* Main.storyboard */; };
		43E012481A993E9800647961 /* Images.xcassets in Resources */ = {isa = PBXBuildFile; fileRef = 43E012471A993E9800647961 /* Images.xcassets */; };
		43E0124B1A993E9800647961 /* LaunchScreen.xib in Resources */ = {isa = PBXBuildFile; fileRef = 43E012491A993E9800647961 /* LaunchScreen.xib */; };
		43E012571A993E9800647961 /* CaretTests.swift in Sources */ = {isa = PBXBuildFile; fileRef = 43E012561A993E9800647961 /* CaretTests.swift */; };
		43E0127D1A9944C200647961 /* UIColorExtension.swift in Sources */ = {isa = PBXBuildFile; fileRef = 43E0127C1A9944C200647961 /* UIColorExtension.swift */; };
		43E0128E1A994A0B00647961 /* CLWeeklyCalendarView.m in Sources */ = {isa = PBXBuildFile; fileRef = 43E012801A994A0B00647961 /* CLWeeklyCalendarView.m */; };
		43E0128F1A994A0B00647961 /* DailyCalendarView.m in Sources */ = {isa = PBXBuildFile; fileRef = 43E012821A994A0B00647961 /* DailyCalendarView.m */; };
		43E012901A994A0B00647961 /* DayTitleLabel.m in Sources */ = {isa = PBXBuildFile; fileRef = 43E012841A994A0B00647961 /* DayTitleLabel.m */; };
		43E012911A994A0B00647961 /* NSDate+CL.m in Sources */ = {isa = PBXBuildFile; fileRef = 43E012871A994A0B00647961 /* NSDate+CL.m */; };
		43E012921A994A0B00647961 /* NSDictionary+CL.m in Sources */ = {isa = PBXBuildFile; fileRef = 43E012891A994A0B00647961 /* NSDictionary+CL.m */; };
		43E012931A994A0B00647961 /* UIColor+CL.m in Sources */ = {isa = PBXBuildFile; fileRef = 43E0128B1A994A0B00647961 /* UIColor+CL.m */; };
		43E012941A994A0B00647961 /* UIImage+CL.m in Sources */ = {isa = PBXBuildFile; fileRef = 43E0128D1A994A0B00647961 /* UIImage+CL.m */; };
		43E012961A9963C100647961 /* NSDate+.swift in Sources */ = {isa = PBXBuildFile; fileRef = 43E012951A9963C100647961 /* NSDate+.swift */; };
		43E012981A99A57D00647961 /* SettingsViewController.swift in Sources */ = {isa = PBXBuildFile; fileRef = 43E012971A99A57D00647961 /* SettingsViewController.swift */; };
		43EB3D881ADB090E00111563 /* DashboardViewController.swift in Sources */ = {isa = PBXBuildFile; fileRef = 43EB3D861ADB090E00111563 /* DashboardViewController.swift */; };
		43EB3D891ADB090E00111563 /* DashboardViewController.xib in Resources */ = {isa = PBXBuildFile; fileRef = 43EB3D871ADB090E00111563 /* DashboardViewController.xib */; };
		43EB3D8C1ADB92A000111563 /* CurrentEntryNavigationController.swift in Sources */ = {isa = PBXBuildFile; fileRef = 43EB3D8A1ADB92A000111563 /* CurrentEntryNavigationController.swift */; };
		43EB3D8D1ADB92A000111563 /* CurrentEntryNavigationController.xib in Resources */ = {isa = PBXBuildFile; fileRef = 43EB3D8B1ADB92A000111563 /* CurrentEntryNavigationController.xib */; };
		43F9DA0B1ADF26FA005ED457 /* Data.xcdatamodeld in Sources */ = {isa = PBXBuildFile; fileRef = 43F9DA091ADF26FA005ED457 /* Data.xcdatamodeld */; };
		43F9DA0F1ADF39B3005ED457 /* ClientHelper.swift in Sources */ = {isa = PBXBuildFile; fileRef = 43F9DA0E1ADF39B3005ED457 /* ClientHelper.swift */; };
		43F9DA131ADF543A005ED457 /* Client.storyboard in Resources */ = {isa = PBXBuildFile; fileRef = 43F9DA121ADF543A005ED457 /* Client.storyboard */; };
		43F9DA151ADF5473005ED457 /* ClientsViewController.swift in Sources */ = {isa = PBXBuildFile; fileRef = 43F9DA141ADF5473005ED457 /* ClientsViewController.swift */; };
		43F9DA171ADF60D1005ED457 /* ClientViewController.swift in Sources */ = {isa = PBXBuildFile; fileRef = 43F9DA161ADF60D1005ED457 /* ClientViewController.swift */; };
		50F4A046D2E4FFA390D4DAC8 /* Pods.framework in Frameworks */ = {isa = PBXBuildFile; fileRef = 522EB100A18F94DE90C6F40F /* Pods.framework */; settings = {ATTRIBUTES = (Weak, ); }; };
		6D868327F20C64E537699C1D /* Pods.framework in Frameworks */ = {isa = PBXBuildFile; fileRef = 522EB100A18F94DE90C6F40F /* Pods.framework */; settings = {ATTRIBUTES = (Weak, ); }; };
		9EA35E48B42C9AEBB867C70F /* Pods.framework in Frameworks */ = {isa = PBXBuildFile; fileRef = 522EB100A18F94DE90C6F40F /* Pods.framework */; settings = {ATTRIBUTES = (Weak, ); }; };
		CAA88A4407C3A9A7A6F8A95A /* (null) in Frameworks */ = {isa = PBXBuildFile; };
/* End PBXBuildFile section */

/* Begin PBXContainerItemProxy section */
		4377BA811AE72AAD001F9B5B /* PBXContainerItemProxy */ = {
			isa = PBXContainerItemProxy;
			containerPortal = 43E012311A993E9800647961 /* Project object */;
			proxyType = 1;
			remoteGlobalIDString = 4377BA741AE72AAC001F9B5B;
			remoteInfo = CaretKit;
		};
		4377BA831AE72AAD001F9B5B /* PBXContainerItemProxy */ = {
			isa = PBXContainerItemProxy;
			containerPortal = 43E012311A993E9800647961 /* Project object */;
			proxyType = 1;
			remoteGlobalIDString = 43E012381A993E9800647961;
			remoteInfo = Caret;
		};
		4377BA8A1AE72AAD001F9B5B /* PBXContainerItemProxy */ = {
			isa = PBXContainerItemProxy;
			containerPortal = 43E012311A993E9800647961 /* Project object */;
			proxyType = 1;
			remoteGlobalIDString = 4377BA741AE72AAC001F9B5B;
			remoteInfo = CaretKit;
		};
		4377BAAA1AE73343001F9B5B /* PBXContainerItemProxy */ = {
			isa = PBXContainerItemProxy;
			containerPortal = 43E012311A993E9800647961 /* Project object */;
			proxyType = 1;
			remoteGlobalIDString = 4377BAA71AE73343001F9B5B;
			remoteInfo = "Caret WatchKit App";
		};
		4377BAB41AE73343001F9B5B /* PBXContainerItemProxy */ = {
			isa = PBXContainerItemProxy;
			containerPortal = 43E012311A993E9800647961 /* Project object */;
			proxyType = 1;
			remoteGlobalIDString = 4377BA981AE73342001F9B5B;
			remoteInfo = "Caret WatchKit Extension";
		};
		43E012511A993E9800647961 /* PBXContainerItemProxy */ = {
			isa = PBXContainerItemProxy;
			containerPortal = 43E012311A993E9800647961 /* Project object */;
			proxyType = 1;
			remoteGlobalIDString = 43E012381A993E9800647961;
			remoteInfo = Caret;
		};
/* End PBXContainerItemProxy section */

/* Begin PBXCopyFilesBuildPhase section */
		4377BA911AE72AAD001F9B5B /* Embed Frameworks */ = {
			isa = PBXCopyFilesBuildPhase;
			buildActionMask = 2147483647;
			dstPath = "";
			dstSubfolderSpec = 10;
			files = (
				4377BA8D1AE72AAD001F9B5B /* CaretKit.framework in Embed Frameworks */,
			);
			name = "Embed Frameworks";
			runOnlyForDeploymentPostprocessing = 0;
		};
		4377BABD1AE73343001F9B5B /* Embed App Extensions */ = {
			isa = PBXCopyFilesBuildPhase;
			buildActionMask = 2147483647;
			dstPath = "";
			dstSubfolderSpec = 13;
			files = (
				4377BAB61AE73343001F9B5B /* Caret WatchKit Extension.appex in Embed App Extensions */,
			);
			name = "Embed App Extensions";
			runOnlyForDeploymentPostprocessing = 0;
		};
/* End PBXCopyFilesBuildPhase section */

/* Begin PBXFileReference section */
		431166FE1ACE123D00ED78BA /* EntryAccessoryView.xib */ = {isa = PBXFileReference; fileEncoding = 4; lastKnownFileType = file.xib; name = EntryAccessoryView.xib; path = Views/EntryAccessoryView.xib; sourceTree = "<group>"; };
		431167001ACE125A00ED78BA /* EntryAccessoryView.swift */ = {isa = PBXFileReference; fileEncoding = 4; lastKnownFileType = sourcecode.swift; name = EntryAccessoryView.swift; path = Views/EntryAccessoryView.swift; sourceTree = "<group>"; };
		4319E0D41ABA73A9006BFA40 /* NSDate+Utilities.h */ = {isa = PBXFileReference; fileEncoding = 4; lastKnownFileType = sourcecode.c.h; path = "NSDate+Utilities.h"; sourceTree = "<group>"; };
		4319E0D51ABA73A9006BFA40 /* NSDate+Utilities.m */ = {isa = PBXFileReference; fileEncoding = 4; lastKnownFileType = sourcecode.c.objc; path = "NSDate+Utilities.m"; sourceTree = "<group>"; };
		4319E0D81ABA78F3006BFA40 /* Calendar.swift */ = {isa = PBXFileReference; fileEncoding = 4; lastKnownFileType = sourcecode.swift; name = Calendar.swift; path = Components/Calendar.swift; sourceTree = "<group>"; };
		4319E0DA1ABA7CE2006BFA40 /* UIViewController+.swift */ = {isa = PBXFileReference; fileEncoding = 4; lastKnownFileType = sourcecode.swift; name = "UIViewController+.swift"; path = "Extensions/UIViewController+.swift"; sourceTree = "<group>"; };
		4319E0E31ABA85A4006BFA40 /* EventEmitter.swift */ = {isa = PBXFileReference; fileEncoding = 4; lastKnownFileType = sourcecode.swift; path = EventEmitter.swift; sourceTree = "<group>"; };
		432A60241AEB0163000CBDFA /* TimerController.swift */ = {isa = PBXFileReference; fileEncoding = 4; lastKnownFileType = sourcecode.swift; name = TimerController.swift; path = Utils/TimerController.swift; sourceTree = "<group>"; };
		432B08221ABBDA6A00DBDF72 /* EntryTableViewCell.swift */ = {isa = PBXFileReference; fileEncoding = 4; lastKnownFileType = sourcecode.swift; name = EntryTableViewCell.swift; path = Views/EntryTableViewCell.swift; sourceTree = "<group>"; };
		432B08231ABBDA6A00DBDF72 /* EntryTableViewCell.xib */ = {isa = PBXFileReference; fileEncoding = 4; lastKnownFileType = file.xib; name = EntryTableViewCell.xib; path = Views/EntryTableViewCell.xib; sourceTree = "<group>"; };
		432B08261ABBE0E400DBDF72 /* EntryViewController.swift */ = {isa = PBXFileReference; fileEncoding = 4; lastKnownFileType = sourcecode.swift; path = EntryViewController.swift; sourceTree = "<group>"; };
		43313E3F1ADF729F006FAF8E /* PersistenceController.swift */ = {isa = PBXFileReference; fileEncoding = 4; lastKnownFileType = sourcecode.swift; name = PersistenceController.swift; path = Utils/PersistenceController.swift; sourceTree = "<group>"; };
		43313E411AE03FD4006FAF8E /* SyncController.swift */ = {isa = PBXFileReference; fileEncoding = 4; lastKnownFileType = sourcecode.swift; name = SyncController.swift; path = Utils/SyncController.swift; sourceTree = "<group>"; };
		4345E0431A9D6F3D008896D3 /* Alamofire+.swift */ = {isa = PBXFileReference; fileEncoding = 4; lastKnownFileType = sourcecode.swift; name = "Alamofire+.swift"; path = "Extensions/Alamofire+.swift"; sourceTree = "<group>"; };
		4345E0461A9D9F86008896D3 /* SwipeView.h */ = {isa = PBXFileReference; fileEncoding = 4; lastKnownFileType = sourcecode.c.h; path = SwipeView.h; sourceTree = "<group>"; };
		4345E0471A9D9F86008896D3 /* SwipeView.m */ = {isa = PBXFileReference; fileEncoding = 4; lastKnownFileType = sourcecode.c.objc; path = SwipeView.m; sourceTree = "<group>"; };
		4345E04A1A9DA080008896D3 /* TimerEntryView.xib */ = {isa = PBXFileReference; fileEncoding = 4; lastKnownFileType = file.xib; name = TimerEntryView.xib; path = Views/TimerEntryView.xib; sourceTree = "<group>"; };
		4345E04C1A9DB1CD008896D3 /* TimerEntryView.swift */ = {isa = PBXFileReference; fileEncoding = 4; lastKnownFileType = sourcecode.swift; name = TimerEntryView.swift; path = Views/TimerEntryView.swift; sourceTree = "<group>"; };
		4345E04E1A9EB409008896D3 /* DurationSliderView.swift */ = {isa = PBXFileReference; fileEncoding = 4; lastKnownFileType = sourcecode.swift; name = DurationSliderView.swift; path = Views/DurationSliderView.swift; sourceTree = "<group>"; };
		434AC9BF1AE17742001D7BF2 /* CoreDataTestCase.swift */ = {isa = PBXFileReference; fileEncoding = 4; lastKnownFileType = sourcecode.swift; path = CoreDataTestCase.swift; sourceTree = "<group>"; };
		434AC9C11AE17793001D7BF2 /* ClientTestCase.swift */ = {isa = PBXFileReference; fileEncoding = 4; lastKnownFileType = sourcecode.swift; path = ClientTestCase.swift; sourceTree = "<group>"; };
		434CAA9D1AE5AE1200B7C459 /* CalendarViewController.swift */ = {isa = PBXFileReference; fileEncoding = 4; lastKnownFileType = sourcecode.swift; name = CalendarViewController.swift; path = Controllers/CalendarViewController.swift; sourceTree = "<group>"; };
		434CAA9E1AE5AE1200B7C459 /* CalendarViewController.xib */ = {isa = PBXFileReference; fileEncoding = 4; lastKnownFileType = file.xib; name = CalendarViewController.xib; path = Controllers/CalendarViewController.xib; sourceTree = "<group>"; };
		4351B99E1A9AAB440008E8CD /* Resource.swift */ = {isa = PBXFileReference; fileEncoding = 4; lastKnownFileType = sourcecode.swift; path = Resource.swift; sourceTree = "<group>"; };
		435C353F1AEC564800FA70F2 /* TimerBarButtonItem.swift */ = {isa = PBXFileReference; fileEncoding = 4; lastKnownFileType = sourcecode.swift; name = TimerBarButtonItem.swift; path = Views/TimerBarButtonItem.swift; sourceTree = "<group>"; };
		435C435D1AE733B8008022F7 /* Caret.entitlements */ = {isa = PBXFileReference; lastKnownFileType = text.xml; path = Caret.entitlements; sourceTree = "<group>"; };
		435C435E1AE733DF008022F7 /* Caret WatchKit Extension.entitlements */ = {isa = PBXFileReference; lastKnownFileType = text.xml; path = "Caret WatchKit Extension.entitlements"; sourceTree = "<group>"; };
		4377BA751AE72AAC001F9B5B /* CaretKit.framework */ = {isa = PBXFileReference; explicitFileType = wrapper.framework; includeInIndex = 0; path = CaretKit.framework; sourceTree = BUILT_PRODUCTS_DIR; };
		4377BA781AE72AAD001F9B5B /* Info.plist */ = {isa = PBXFileReference; lastKnownFileType = text.plist.xml; path = Info.plist; sourceTree = "<group>"; };
		4377BA791AE72AAD001F9B5B /* CaretKit.h */ = {isa = PBXFileReference; lastKnownFileType = sourcecode.c.h; path = CaretKit.h; sourceTree = "<group>"; };
		4377BA7F1AE72AAD001F9B5B /* CaretKitTests.xctest */ = {isa = PBXFileReference; explicitFileType = wrapper.cfbundle; includeInIndex = 0; path = CaretKitTests.xctest; sourceTree = BUILT_PRODUCTS_DIR; };
		4377BA871AE72AAD001F9B5B /* Info.plist */ = {isa = PBXFileReference; lastKnownFileType = text.plist.xml; path = Info.plist; sourceTree = "<group>"; };
		4377BA881AE72AAD001F9B5B /* CaretKitTests.swift */ = {isa = PBXFileReference; lastKnownFileType = sourcecode.swift; path = CaretKitTests.swift; sourceTree = "<group>"; };
		4377BA991AE73342001F9B5B /* Caret WatchKit Extension.appex */ = {isa = PBXFileReference; explicitFileType = "wrapper.app-extension"; includeInIndex = 0; path = "Caret WatchKit Extension.appex"; sourceTree = BUILT_PRODUCTS_DIR; };
		4377BA9C1AE73342001F9B5B /* Info.plist */ = {isa = PBXFileReference; lastKnownFileType = text.plist.xml; path = Info.plist; sourceTree = "<group>"; };
		4377BA9D1AE73342001F9B5B /* PushNotificationPayload.apns */ = {isa = PBXFileReference; lastKnownFileType = text; path = PushNotificationPayload.apns; sourceTree = "<group>"; };
		4377BA9E1AE73342001F9B5B /* InterfaceController.swift */ = {isa = PBXFileReference; lastKnownFileType = sourcecode.swift; path = InterfaceController.swift; sourceTree = "<group>"; };
		4377BAA01AE73342001F9B5B /* NotificationController.swift */ = {isa = PBXFileReference; lastKnownFileType = sourcecode.swift; path = NotificationController.swift; sourceTree = "<group>"; };
		4377BAA21AE73342001F9B5B /* GlanceController.swift */ = {isa = PBXFileReference; lastKnownFileType = sourcecode.swift; path = GlanceController.swift; sourceTree = "<group>"; };
		4377BAA41AE73342001F9B5B /* Images.xcassets */ = {isa = PBXFileReference; lastKnownFileType = folder.assetcatalog; path = Images.xcassets; sourceTree = "<group>"; };
		4377BAA81AE73343001F9B5B /* Caret WatchKit App.app */ = {isa = PBXFileReference; explicitFileType = wrapper.application; includeInIndex = 0; path = "Caret WatchKit App.app"; sourceTree = BUILT_PRODUCTS_DIR; };
		4377BAAE1AE73343001F9B5B /* Info.plist */ = {isa = PBXFileReference; lastKnownFileType = text.plist.xml; path = Info.plist; sourceTree = "<group>"; };
		4377BAB01AE73343001F9B5B /* Base */ = {isa = PBXFileReference; lastKnownFileType = file.storyboard; name = Base; path = Base.lproj/Interface.storyboard; sourceTree = "<group>"; };
		4377BAB21AE73343001F9B5B /* Images.xcassets */ = {isa = PBXFileReference; lastKnownFileType = folder.assetcatalog; path = Images.xcassets; sourceTree = "<group>"; };
		4388238B1AE3570B00A24D02 /* ProjectTestCase.swift */ = {isa = PBXFileReference; fileEncoding = 4; lastKnownFileType = sourcecode.swift; path = ProjectTestCase.swift; sourceTree = "<group>"; };
		4388238F1AE37DDD00A24D02 /* Client.swift */ = {isa = PBXFileReference; fileEncoding = 4; lastKnownFileType = sourcecode.swift; name = Client.swift; path = Models/Client.swift; sourceTree = "<group>"; };
		438823941AE42BE500A24D02 /* Entry.swift */ = {isa = PBXFileReference; fileEncoding = 4; lastKnownFileType = sourcecode.swift; name = Entry.swift; path = Models/Entry.swift; sourceTree = "<group>"; };
		438823961AE42FE200A24D02 /* EntryHelper.swift */ = {isa = PBXFileReference; fileEncoding = 4; lastKnownFileType = sourcecode.swift; name = EntryHelper.swift; path = Models/EntryHelper.swift; sourceTree = "<group>"; };
		438823981AE4325100A24D02 /* EntryTestCase.swift */ = {isa = PBXFileReference; fileEncoding = 4; lastKnownFileType = sourcecode.swift; path = EntryTestCase.swift; sourceTree = "<group>"; };
		438CB0031AE2DC2500E0F1E2 /* Project.swift */ = {isa = PBXFileReference; fileEncoding = 4; lastKnownFileType = sourcecode.swift; name = Project.swift; path = Models/Project.swift; sourceTree = "<group>"; };
		438CB0051AE2DC9800E0F1E2 /* ProjectHelper.swift */ = {isa = PBXFileReference; fileEncoding = 4; lastKnownFileType = sourcecode.swift; name = ProjectHelper.swift; path = Models/ProjectHelper.swift; sourceTree = "<group>"; };
		438CB0081AE3171900E0F1E2 /* Base */ = {isa = PBXFileReference; lastKnownFileType = file.storyboard; name = Base; path = Base.lproj/Project.storyboard; sourceTree = "<group>"; };
		438CB00A1AE3178400E0F1E2 /* ProjectsViewController.swift */ = {isa = PBXFileReference; fileEncoding = 4; lastKnownFileType = sourcecode.swift; name = ProjectsViewController.swift; path = Controllers/ProjectsViewController.swift; sourceTree = "<group>"; };
		438CB00C1AE3179D00E0F1E2 /* ProjectViewController.swift */ = {isa = PBXFileReference; fileEncoding = 4; lastKnownFileType = sourcecode.swift; name = ProjectViewController.swift; path = Controllers/ProjectViewController.swift; sourceTree = "<group>"; };
		439FC9421AE1BB4D0079D10F /* SyncControllerTestCase.swift */ = {isa = PBXFileReference; fileEncoding = 4; lastKnownFileType = sourcecode.swift; path = SyncControllerTestCase.swift; sourceTree = "<group>"; };
		43BC26091AA57D8F00CA1E53 /* PanPauseGestureRecognizer.swift */ = {isa = PBXFileReference; fileEncoding = 4; lastKnownFileType = sourcecode.swift; name = PanPauseGestureRecognizer.swift; path = Views/PanPauseGestureRecognizer.swift; sourceTree = "<group>"; };
		43BC260E1AA6AEC800CA1E53 /* decimalMinutesToTime.swift */ = {isa = PBXFileReference; fileEncoding = 4; lastKnownFileType = sourcecode.swift; name = decimalMinutesToTime.swift; path = Utils/decimalMinutesToTime.swift; sourceTree = "<group>"; };
		43BC26101AA6C5CD00CA1E53 /* whereIs.swift */ = {isa = PBXFileReference; fileEncoding = 4; lastKnownFileType = sourcecode.swift; path = whereIs.swift; sourceTree = "<group>"; };
		43CD64BE1AC3C77A00BBD68F /* MergeTableViewController.swift */ = {isa = PBXFileReference; fileEncoding = 4; lastKnownFileType = sourcecode.swift; path = MergeTableViewController.swift; sourceTree = "<group>"; };
		43D586FA1ACCD0200083F079 /* CalendarView.swift */ = {isa = PBXFileReference; fileEncoding = 4; lastKnownFileType = sourcecode.swift; path = CalendarView.swift; sourceTree = "<group>"; };
		43D586FB1ACCD0200083F079 /* ContentView.swift */ = {isa = PBXFileReference; fileEncoding = 4; lastKnownFileType = sourcecode.swift; path = ContentView.swift; sourceTree = "<group>"; };
		43D586FC1ACCD0200083F079 /* DayView.swift */ = {isa = PBXFileReference; fileEncoding = 4; lastKnownFileType = sourcecode.swift; path = DayView.swift; sourceTree = "<group>"; };
		43D586FD1ACCD0200083F079 /* EasyCast.swift */ = {isa = PBXFileReference; fileEncoding = 4; lastKnownFileType = sourcecode.swift; path = EasyCast.swift; sourceTree = "<group>"; };
		43D586FE1ACCD0200083F079 /* MonthView.swift */ = {isa = PBXFileReference; fileEncoding = 4; lastKnownFileType = sourcecode.swift; path = MonthView.swift; sourceTree = "<group>"; };
		43D586FF1ACCD0200083F079 /* WeekView.swift */ = {isa = PBXFileReference; fileEncoding = 4; lastKnownFileType = sourcecode.swift; path = WeekView.swift; sourceTree = "<group>"; };
		43E012391A993E9800647961 /* Caret.app */ = {isa = PBXFileReference; explicitFileType = wrapper.application; includeInIndex = 0; path = Caret.app; sourceTree = BUILT_PRODUCTS_DIR; };
		43E0123D1A993E9800647961 /* Info.plist */ = {isa = PBXFileReference; lastKnownFileType = text.plist.xml; path = Info.plist; sourceTree = "<group>"; };
		43E0123E1A993E9800647961 /* AppDelegate.swift */ = {isa = PBXFileReference; lastKnownFileType = sourcecode.swift; path = AppDelegate.swift; sourceTree = "<group>"; };
		43E012401A993E9800647961 /* EntriesViewController.swift */ = {isa = PBXFileReference; lastKnownFileType = sourcecode.swift; path = EntriesViewController.swift; sourceTree = "<group>"; };
		43E012421A993E9800647961 /* ReportsViewController.swift */ = {isa = PBXFileReference; lastKnownFileType = sourcecode.swift; path = ReportsViewController.swift; sourceTree = "<group>"; };
		43E012451A993E9800647961 /* Base */ = {isa = PBXFileReference; lastKnownFileType = file.storyboard; name = Base; path = Base.lproj/Main.storyboard; sourceTree = "<group>"; };
		43E012471A993E9800647961 /* Images.xcassets */ = {isa = PBXFileReference; lastKnownFileType = folder.assetcatalog; path = Images.xcassets; sourceTree = "<group>"; };
		43E0124A1A993E9800647961 /* Base */ = {isa = PBXFileReference; lastKnownFileType = file.xib; name = Base; path = Base.lproj/LaunchScreen.xib; sourceTree = "<group>"; };
		43E012501A993E9800647961 /* CaretTests.xctest */ = {isa = PBXFileReference; explicitFileType = wrapper.cfbundle; includeInIndex = 0; path = CaretTests.xctest; sourceTree = BUILT_PRODUCTS_DIR; };
		43E012551A993E9800647961 /* Info.plist */ = {isa = PBXFileReference; lastKnownFileType = text.plist.xml; path = Info.plist; sourceTree = "<group>"; };
		43E012561A993E9800647961 /* CaretTests.swift */ = {isa = PBXFileReference; lastKnownFileType = sourcecode.swift; path = CaretTests.swift; sourceTree = "<group>"; };
		43E012601A993F0B00647961 /* Caret-Bridging-Header.h */ = {isa = PBXFileReference; lastKnownFileType = sourcecode.c.h; path = "Caret-Bridging-Header.h"; sourceTree = "<group>"; };
		43E0127C1A9944C200647961 /* UIColorExtension.swift */ = {isa = PBXFileReference; fileEncoding = 4; lastKnownFileType = sourcecode.swift; name = UIColorExtension.swift; path = Extensions/UIColorExtension.swift; sourceTree = "<group>"; };
		43E0127F1A994A0B00647961 /* CLWeeklyCalendarView.h */ = {isa = PBXFileReference; fileEncoding = 4; lastKnownFileType = sourcecode.c.h; path = CLWeeklyCalendarView.h; sourceTree = "<group>"; };
		43E012801A994A0B00647961 /* CLWeeklyCalendarView.m */ = {isa = PBXFileReference; fileEncoding = 4; lastKnownFileType = sourcecode.c.objc; path = CLWeeklyCalendarView.m; sourceTree = "<group>"; };
		43E012811A994A0B00647961 /* DailyCalendarView.h */ = {isa = PBXFileReference; fileEncoding = 4; lastKnownFileType = sourcecode.c.h; path = DailyCalendarView.h; sourceTree = "<group>"; };
		43E012821A994A0B00647961 /* DailyCalendarView.m */ = {isa = PBXFileReference; fileEncoding = 4; lastKnownFileType = sourcecode.c.objc; path = DailyCalendarView.m; sourceTree = "<group>"; };
		43E012831A994A0B00647961 /* DayTitleLabel.h */ = {isa = PBXFileReference; fileEncoding = 4; lastKnownFileType = sourcecode.c.h; path = DayTitleLabel.h; sourceTree = "<group>"; };
		43E012841A994A0B00647961 /* DayTitleLabel.m */ = {isa = PBXFileReference; fileEncoding = 4; lastKnownFileType = sourcecode.c.objc; path = DayTitleLabel.m; sourceTree = "<group>"; };
		43E012861A994A0B00647961 /* NSDate+CL.h */ = {isa = PBXFileReference; fileEncoding = 4; lastKnownFileType = sourcecode.c.h; path = "NSDate+CL.h"; sourceTree = "<group>"; };
		43E012871A994A0B00647961 /* NSDate+CL.m */ = {isa = PBXFileReference; fileEncoding = 4; lastKnownFileType = sourcecode.c.objc; path = "NSDate+CL.m"; sourceTree = "<group>"; };
		43E012881A994A0B00647961 /* NSDictionary+CL.h */ = {isa = PBXFileReference; fileEncoding = 4; lastKnownFileType = sourcecode.c.h; path = "NSDictionary+CL.h"; sourceTree = "<group>"; };
		43E012891A994A0B00647961 /* NSDictionary+CL.m */ = {isa = PBXFileReference; fileEncoding = 4; lastKnownFileType = sourcecode.c.objc; path = "NSDictionary+CL.m"; sourceTree = "<group>"; };
		43E0128A1A994A0B00647961 /* UIColor+CL.h */ = {isa = PBXFileReference; fileEncoding = 4; lastKnownFileType = sourcecode.c.h; path = "UIColor+CL.h"; sourceTree = "<group>"; };
		43E0128B1A994A0B00647961 /* UIColor+CL.m */ = {isa = PBXFileReference; fileEncoding = 4; lastKnownFileType = sourcecode.c.objc; path = "UIColor+CL.m"; sourceTree = "<group>"; };
		43E0128C1A994A0B00647961 /* UIImage+CL.h */ = {isa = PBXFileReference; fileEncoding = 4; lastKnownFileType = sourcecode.c.h; path = "UIImage+CL.h"; sourceTree = "<group>"; };
		43E0128D1A994A0B00647961 /* UIImage+CL.m */ = {isa = PBXFileReference; fileEncoding = 4; lastKnownFileType = sourcecode.c.objc; path = "UIImage+CL.m"; sourceTree = "<group>"; };
		43E012951A9963C100647961 /* NSDate+.swift */ = {isa = PBXFileReference; fileEncoding = 4; lastKnownFileType = sourcecode.swift; path = "NSDate+.swift"; sourceTree = "<group>"; };
		43E012971A99A57D00647961 /* SettingsViewController.swift */ = {isa = PBXFileReference; fileEncoding = 4; lastKnownFileType = sourcecode.swift; path = SettingsViewController.swift; sourceTree = "<group>"; };
		43EB3D861ADB090E00111563 /* DashboardViewController.swift */ = {isa = PBXFileReference; fileEncoding = 4; lastKnownFileType = sourcecode.swift; name = DashboardViewController.swift; path = Controllers/DashboardViewController.swift; sourceTree = "<group>"; };
		43EB3D871ADB090E00111563 /* DashboardViewController.xib */ = {isa = PBXFileReference; fileEncoding = 4; lastKnownFileType = file.xib; name = DashboardViewController.xib; path = Controllers/DashboardViewController.xib; sourceTree = "<group>"; };
		43EB3D8A1ADB92A000111563 /* CurrentEntryNavigationController.swift */ = {isa = PBXFileReference; fileEncoding = 4; lastKnownFileType = sourcecode.swift; name = CurrentEntryNavigationController.swift; path = Controllers/CurrentEntryNavigationController.swift; sourceTree = "<group>"; };
		43EB3D8B1ADB92A000111563 /* CurrentEntryNavigationController.xib */ = {isa = PBXFileReference; fileEncoding = 4; lastKnownFileType = file.xib; name = CurrentEntryNavigationController.xib; path = Controllers/CurrentEntryNavigationController.xib; sourceTree = "<group>"; };
		43F9DA0A1ADF26FA005ED457 /* Data.xcdatamodel */ = {isa = PBXFileReference; lastKnownFileType = wrapper.xcdatamodel; path = Data.xcdatamodel; sourceTree = "<group>"; };
		43F9DA0E1ADF39B3005ED457 /* ClientHelper.swift */ = {isa = PBXFileReference; fileEncoding = 4; lastKnownFileType = sourcecode.swift; name = ClientHelper.swift; path = Models/ClientHelper.swift; sourceTree = "<group>"; };
		43F9DA121ADF543A005ED457 /* Client.storyboard */ = {isa = PBXFileReference; fileEncoding = 4; lastKnownFileType = file.storyboard; path = Client.storyboard; sourceTree = "<group>"; };
		43F9DA141ADF5473005ED457 /* ClientsViewController.swift */ = {isa = PBXFileReference; fileEncoding = 4; lastKnownFileType = sourcecode.swift; name = ClientsViewController.swift; path = Controllers/ClientsViewController.swift; sourceTree = "<group>"; };
		43F9DA161ADF60D1005ED457 /* ClientViewController.swift */ = {isa = PBXFileReference; fileEncoding = 4; lastKnownFileType = sourcecode.swift; name = ClientViewController.swift; path = Controllers/ClientViewController.swift; sourceTree = "<group>"; };
		522EB100A18F94DE90C6F40F /* Pods.framework */ = {isa = PBXFileReference; explicitFileType = wrapper.framework; includeInIndex = 0; path = Pods.framework; sourceTree = BUILT_PRODUCTS_DIR; };
		5AF3B173D9B7891209ECB5DA /* Pods.release.xcconfig */ = {isa = PBXFileReference; includeInIndex = 1; lastKnownFileType = text.xcconfig; name = Pods.release.xcconfig; path = "Pods/Target Support Files/Pods/Pods.release.xcconfig"; sourceTree = "<group>"; };
		F83930592AAB2992D6283784 /* Pods.debug.xcconfig */ = {isa = PBXFileReference; includeInIndex = 1; lastKnownFileType = text.xcconfig; name = Pods.debug.xcconfig; path = "Pods/Target Support Files/Pods/Pods.debug.xcconfig"; sourceTree = "<group>"; };
/* End PBXFileReference section */

/* Begin PBXFrameworksBuildPhase section */
		4377BA711AE72AAC001F9B5B /* Frameworks */ = {
			isa = PBXFrameworksBuildPhase;
			buildActionMask = 2147483647;
			files = (
			);
			runOnlyForDeploymentPostprocessing = 0;
		};
		4377BA7C1AE72AAD001F9B5B /* Frameworks */ = {
			isa = PBXFrameworksBuildPhase;
			buildActionMask = 2147483647;
			files = (
				4377BA801AE72AAD001F9B5B /* CaretKit.framework in Frameworks */,
			);
			runOnlyForDeploymentPostprocessing = 0;
		};
		4377BA961AE73342001F9B5B /* Frameworks */ = {
			isa = PBXFrameworksBuildPhase;
			buildActionMask = 2147483647;
			files = (
				4379C3511AEE17B90003F003 /* CaretKit.framework in Frameworks */,
				6D868327F20C64E537699C1D /* Pods.framework in Frameworks */,
			);
			runOnlyForDeploymentPostprocessing = 0;
		};
		43E012361A993E9800647961 /* Frameworks */ = {
			isa = PBXFrameworksBuildPhase;
			buildActionMask = 2147483647;
			files = (
				50F4A046D2E4FFA390D4DAC8 /* Pods.framework in Frameworks */,
				4377BA8C1AE72AAD001F9B5B /* CaretKit.framework in Frameworks */,
			);
			runOnlyForDeploymentPostprocessing = 0;
		};
		43E0124D1A993E9800647961 /* Frameworks */ = {
			isa = PBXFrameworksBuildPhase;
			buildActionMask = 2147483647;
			files = (
				CAA88A4407C3A9A7A6F8A95A /* (null) in Frameworks */,
				9EA35E48B42C9AEBB867C70F /* Pods.framework in Frameworks */,
			);
			runOnlyForDeploymentPostprocessing = 0;
		};
/* End PBXFrameworksBuildPhase section */

/* Begin PBXGroup section */
		1CA4F498768EF27FE7AA47B3 /* Pods */ = {
			isa = PBXGroup;
			children = (
				F83930592AAB2992D6283784 /* Pods.debug.xcconfig */,
				5AF3B173D9B7891209ECB5DA /* Pods.release.xcconfig */,
			);
			name = Pods;
			sourceTree = "<group>";
		};
		4319E0D01ABA5AC5006BFA40 /* Models */ = {
			isa = PBXGroup;
			children = (
				438823941AE42BE500A24D02 /* Entry.swift */,
				4388238F1AE37DDD00A24D02 /* Client.swift */,
				438CB0031AE2DC2500E0F1E2 /* Project.swift */,
				4351B99E1A9AAB440008E8CD /* Resource.swift */,
				43F9DA0E1ADF39B3005ED457 /* ClientHelper.swift */,
				438CB0051AE2DC9800E0F1E2 /* ProjectHelper.swift */,
				438823961AE42FE200A24D02 /* EntryHelper.swift */,
			);
			name = Models;
			sourceTree = "<group>";
		};
		4319E0D31ABA5BC8006BFA40 /* Controllers */ = {
			isa = PBXGroup;
			children = (
				43E012401A993E9800647961 /* EntriesViewController.swift */,
				43E012421A993E9800647961 /* ReportsViewController.swift */,
				43E012971A99A57D00647961 /* SettingsViewController.swift */,
				432B08261ABBE0E400DBDF72 /* EntryViewController.swift */,
				43CD64BE1AC3C77A00BBD68F /* MergeTableViewController.swift */,
				43EB3D861ADB090E00111563 /* DashboardViewController.swift */,
				43EB3D871ADB090E00111563 /* DashboardViewController.xib */,
				43EB3D8A1ADB92A000111563 /* CurrentEntryNavigationController.swift */,
				43EB3D8B1ADB92A000111563 /* CurrentEntryNavigationController.xib */,
				43F9DA141ADF5473005ED457 /* ClientsViewController.swift */,
				43F9DA161ADF60D1005ED457 /* ClientViewController.swift */,
				438CB00A1AE3178400E0F1E2 /* ProjectsViewController.swift */,
				438CB00C1AE3179D00E0F1E2 /* ProjectViewController.swift */,
				434CAA9D1AE5AE1200B7C459 /* CalendarViewController.swift */,
				434CAA9E1AE5AE1200B7C459 /* CalendarViewController.xib */,
			);
			name = Controllers;
			sourceTree = "<group>";
		};
		4319E0D71ABA78B6006BFA40 /* Components */ = {
			isa = PBXGroup;
			children = (
				4319E0D81ABA78F3006BFA40 /* Calendar.swift */,
			);
			name = Components;
			sourceTree = "<group>";
		};
		4319E0E01ABA8501006BFA40 /* Stores */ = {
			isa = PBXGroup;
			children = (
				4319E0E31ABA85A4006BFA40 /* EventEmitter.swift */,
			);
			name = Stores;
			sourceTree = "<group>";
		};
		4345E0451A9D9F86008896D3 /* SwipeView */ = {
			isa = PBXGroup;
			children = (
				4345E0461A9D9F86008896D3 /* SwipeView.h */,
				4345E0471A9D9F86008896D3 /* SwipeView.m */,
			);
			path = SwipeView;
			sourceTree = "<group>";
		};
		4345E0491A9DA05B008896D3 /* Views */ = {
			isa = PBXGroup;
			children = (
				43D586F91ACCCFFD0083F079 /* Calendar */,
				43E0127E1A994A0B00647961 /* CLWeeklyCalendarViewSourceCode */,
				4345E0451A9D9F86008896D3 /* SwipeView */,
				4345E04A1A9DA080008896D3 /* TimerEntryView.xib */,
				4345E04C1A9DB1CD008896D3 /* TimerEntryView.swift */,
				4345E04E1A9EB409008896D3 /* DurationSliderView.swift */,
				43BC26091AA57D8F00CA1E53 /* PanPauseGestureRecognizer.swift */,
				432B08221ABBDA6A00DBDF72 /* EntryTableViewCell.swift */,
				432B08231ABBDA6A00DBDF72 /* EntryTableViewCell.xib */,
				431166FE1ACE123D00ED78BA /* EntryAccessoryView.xib */,
				431167001ACE125A00ED78BA /* EntryAccessoryView.swift */,
				435C353F1AEC564800FA70F2 /* TimerBarButtonItem.swift */,
			);
			name = Views;
			sourceTree = "<group>";
		};
		4377BA761AE72AAD001F9B5B /* CaretKit */ = {
			isa = PBXGroup;
			children = (
				4377BA791AE72AAD001F9B5B /* CaretKit.h */,
				4377BA771AE72AAD001F9B5B /* Supporting Files */,
			);
			path = CaretKit;
			sourceTree = "<group>";
		};
		4377BA771AE72AAD001F9B5B /* Supporting Files */ = {
			isa = PBXGroup;
			children = (
				4377BA781AE72AAD001F9B5B /* Info.plist */,
			);
			name = "Supporting Files";
			sourceTree = "<group>";
		};
		4377BA851AE72AAD001F9B5B /* CaretKitTests */ = {
			isa = PBXGroup;
			children = (
				4377BA881AE72AAD001F9B5B /* CaretKitTests.swift */,
				4377BA861AE72AAD001F9B5B /* Supporting Files */,
			);
			path = CaretKitTests;
			sourceTree = "<group>";
		};
		4377BA861AE72AAD001F9B5B /* Supporting Files */ = {
			isa = PBXGroup;
			children = (
				4377BA871AE72AAD001F9B5B /* Info.plist */,
			);
			name = "Supporting Files";
			sourceTree = "<group>";
		};
		4377BA9A1AE73342001F9B5B /* Caret WatchKit Extension */ = {
			isa = PBXGroup;
			children = (
				435C435E1AE733DF008022F7 /* Caret WatchKit Extension.entitlements */,
				4377BA9E1AE73342001F9B5B /* InterfaceController.swift */,
				4377BAA01AE73342001F9B5B /* NotificationController.swift */,
				4377BAA21AE73342001F9B5B /* GlanceController.swift */,
				4377BAA41AE73342001F9B5B /* Images.xcassets */,
				4377BA9B1AE73342001F9B5B /* Supporting Files */,
			);
			path = "Caret WatchKit Extension";
			sourceTree = "<group>";
		};
		4377BA9B1AE73342001F9B5B /* Supporting Files */ = {
			isa = PBXGroup;
			children = (
				4377BA9C1AE73342001F9B5B /* Info.plist */,
				4377BA9D1AE73342001F9B5B /* PushNotificationPayload.apns */,
			);
			name = "Supporting Files";
			sourceTree = "<group>";
		};
		4377BAAC1AE73343001F9B5B /* Caret WatchKit App */ = {
			isa = PBXGroup;
			children = (
				4377BAAF1AE73343001F9B5B /* Interface.storyboard */,
				4377BAB21AE73343001F9B5B /* Images.xcassets */,
				4377BAAD1AE73343001F9B5B /* Supporting Files */,
			);
			path = "Caret WatchKit App";
			sourceTree = "<group>";
		};
		4377BAAD1AE73343001F9B5B /* Supporting Files */ = {
			isa = PBXGroup;
			children = (
				4377BAAE1AE73343001F9B5B /* Info.plist */,
			);
			name = "Supporting Files";
			sourceTree = "<group>";
		};
		43BC260D1AA6AE9700CA1E53 /* Utils */ = {
			isa = PBXGroup;
			children = (
				43BC260E1AA6AEC800CA1E53 /* decimalMinutesToTime.swift */,
				43BC26101AA6C5CD00CA1E53 /* whereIs.swift */,
				43313E3F1ADF729F006FAF8E /* PersistenceController.swift */,
				43313E411AE03FD4006FAF8E /* SyncController.swift */,
				432A60241AEB0163000CBDFA /* TimerController.swift */,
			);
			name = Utils;
			sourceTree = "<group>";
		};
		43D586F91ACCCFFD0083F079 /* Calendar */ = {
			isa = PBXGroup;
			children = (
				43D586FA1ACCD0200083F079 /* CalendarView.swift */,
				43D586FB1ACCD0200083F079 /* ContentView.swift */,
				43D586FC1ACCD0200083F079 /* DayView.swift */,
				43D586FD1ACCD0200083F079 /* EasyCast.swift */,
				43D586FE1ACCD0200083F079 /* MonthView.swift */,
				43D586FF1ACCD0200083F079 /* WeekView.swift */,
			);
			name = Calendar;
			sourceTree = "<group>";
		};
		43E012301A993E9800647961 = {
			isa = PBXGroup;
			children = (
				43E0123B1A993E9800647961 /* Caret */,
				43E012531A993E9800647961 /* CaretTests */,
				4377BA761AE72AAD001F9B5B /* CaretKit */,
				4377BA851AE72AAD001F9B5B /* CaretKitTests */,
				4377BA9A1AE73342001F9B5B /* Caret WatchKit Extension */,
				4377BAAC1AE73343001F9B5B /* Caret WatchKit App */,
				43E0123A1A993E9800647961 /* Products */,
				1CA4F498768EF27FE7AA47B3 /* Pods */,
				927292706E23251BDD55EE5F /* Frameworks */,
			);
			sourceTree = "<group>";
		};
		43E0123A1A993E9800647961 /* Products */ = {
			isa = PBXGroup;
			children = (
				43E012391A993E9800647961 /* Caret.app */,
				43E012501A993E9800647961 /* CaretTests.xctest */,
				4377BA751AE72AAC001F9B5B /* CaretKit.framework */,
				4377BA7F1AE72AAD001F9B5B /* CaretKitTests.xctest */,
				4377BA991AE73342001F9B5B /* Caret WatchKit Extension.appex */,
				4377BAA81AE73343001F9B5B /* Caret WatchKit App.app */,
			);
			name = Products;
			sourceTree = "<group>";
		};
		43E0123B1A993E9800647961 /* Caret */ = {
			isa = PBXGroup;
			children = (
				435C435D1AE733B8008022F7 /* Caret.entitlements */,
				4319E0E01ABA8501006BFA40 /* Stores */,
				4319E0D31ABA5BC8006BFA40 /* Controllers */,
				4319E0D01ABA5AC5006BFA40 /* Models */,
				43BC260D1AA6AE9700CA1E53 /* Utils */,
				4319E0D71ABA78B6006BFA40 /* Components */,
				4345E0491A9DA05B008896D3 /* Views */,
				43E0127B1A9944A900647961 /* Extensions */,
				43E0123C1A993E9800647961 /* Supporting Files */,
				43E0123E1A993E9800647961 /* AppDelegate.swift */,
				43E012441A993E9800647961 /* Main.storyboard */,
				43F9DA121ADF543A005ED457 /* Client.storyboard */,
				438CB0071AE3171900E0F1E2 /* Project.storyboard */,
				43E012491A993E9800647961 /* LaunchScreen.xib */,
				43E012601A993F0B00647961 /* Caret-Bridging-Header.h */,
				43F9DA091ADF26FA005ED457 /* Data.xcdatamodeld */,
				43E012471A993E9800647961 /* Images.xcassets */,
			);
			path = Caret;
			sourceTree = "<group>";
		};
		43E0123C1A993E9800647961 /* Supporting Files */ = {
			isa = PBXGroup;
			children = (
				43E0123D1A993E9800647961 /* Info.plist */,
			);
			name = "Supporting Files";
			sourceTree = "<group>";
		};
		43E012531A993E9800647961 /* CaretTests */ = {
			isa = PBXGroup;
			children = (
				43E012561A993E9800647961 /* CaretTests.swift */,
				434AC9BF1AE17742001D7BF2 /* CoreDataTestCase.swift */,
				434AC9C11AE17793001D7BF2 /* ClientTestCase.swift */,
				43E012541A993E9800647961 /* Supporting Files */,
				439FC9421AE1BB4D0079D10F /* SyncControllerTestCase.swift */,
				4388238B1AE3570B00A24D02 /* ProjectTestCase.swift */,
				438823981AE4325100A24D02 /* EntryTestCase.swift */,
			);
			path = CaretTests;
			sourceTree = "<group>";
		};
		43E012541A993E9800647961 /* Supporting Files */ = {
			isa = PBXGroup;
			children = (
				43E012551A993E9800647961 /* Info.plist */,
			);
			name = "Supporting Files";
			sourceTree = "<group>";
		};
		43E0127B1A9944A900647961 /* Extensions */ = {
			isa = PBXGroup;
			children = (
				4319E0D41ABA73A9006BFA40 /* NSDate+Utilities.h */,
				4319E0D51ABA73A9006BFA40 /* NSDate+Utilities.m */,
				43E0127C1A9944C200647961 /* UIColorExtension.swift */,
				43E012951A9963C100647961 /* NSDate+.swift */,
				4345E0431A9D6F3D008896D3 /* Alamofire+.swift */,
				4319E0DA1ABA7CE2006BFA40 /* UIViewController+.swift */,
			);
			name = Extensions;
			sourceTree = "<group>";
		};
		43E0127E1A994A0B00647961 /* CLWeeklyCalendarViewSourceCode */ = {
			isa = PBXGroup;
			children = (
				43E0127F1A994A0B00647961 /* CLWeeklyCalendarView.h */,
				43E012801A994A0B00647961 /* CLWeeklyCalendarView.m */,
				43E012811A994A0B00647961 /* DailyCalendarView.h */,
				43E012821A994A0B00647961 /* DailyCalendarView.m */,
				43E012831A994A0B00647961 /* DayTitleLabel.h */,
				43E012841A994A0B00647961 /* DayTitleLabel.m */,
				43E012851A994A0B00647961 /* Misc */,
			);
			path = CLWeeklyCalendarViewSourceCode;
			sourceTree = "<group>";
		};
		43E012851A994A0B00647961 /* Misc */ = {
			isa = PBXGroup;
			children = (
				43E012861A994A0B00647961 /* NSDate+CL.h */,
				43E012871A994A0B00647961 /* NSDate+CL.m */,
				43E012881A994A0B00647961 /* NSDictionary+CL.h */,
				43E012891A994A0B00647961 /* NSDictionary+CL.m */,
				43E0128A1A994A0B00647961 /* UIColor+CL.h */,
				43E0128B1A994A0B00647961 /* UIColor+CL.m */,
				43E0128C1A994A0B00647961 /* UIImage+CL.h */,
				43E0128D1A994A0B00647961 /* UIImage+CL.m */,
			);
			path = Misc;
			sourceTree = "<group>";
		};
		927292706E23251BDD55EE5F /* Frameworks */ = {
			isa = PBXGroup;
			children = (
				522EB100A18F94DE90C6F40F /* Pods.framework */,
			);
			name = Frameworks;
			sourceTree = "<group>";
		};
/* End PBXGroup section */

/* Begin PBXHeadersBuildPhase section */
		4377BA721AE72AAC001F9B5B /* Headers */ = {
			isa = PBXHeadersBuildPhase;
			buildActionMask = 2147483647;
			files = (
				4377BA7A1AE72AAD001F9B5B /* CaretKit.h in Headers */,
			);
			runOnlyForDeploymentPostprocessing = 0;
		};
/* End PBXHeadersBuildPhase section */

/* Begin PBXNativeTarget section */
		4377BA741AE72AAC001F9B5B /* CaretKit */ = {
			isa = PBXNativeTarget;
			buildConfigurationList = 4377BA8E1AE72AAD001F9B5B /* Build configuration list for PBXNativeTarget "CaretKit" */;
			buildPhases = (
				4377BA701AE72AAC001F9B5B /* Sources */,
				4377BA711AE72AAC001F9B5B /* Frameworks */,
				4377BA721AE72AAC001F9B5B /* Headers */,
				4377BA731AE72AAC001F9B5B /* Resources */,
			);
			buildRules = (
			);
			dependencies = (
			);
			name = CaretKit;
			productName = CaretKit;
			productReference = 4377BA751AE72AAC001F9B5B /* CaretKit.framework */;
			productType = "com.apple.product-type.framework";
		};
		4377BA7E1AE72AAD001F9B5B /* CaretKitTests */ = {
			isa = PBXNativeTarget;
			buildConfigurationList = 4377BA921AE72AAD001F9B5B /* Build configuration list for PBXNativeTarget "CaretKitTests" */;
			buildPhases = (
				4377BA7B1AE72AAD001F9B5B /* Sources */,
				4377BA7C1AE72AAD001F9B5B /* Frameworks */,
				4377BA7D1AE72AAD001F9B5B /* Resources */,
			);
			buildRules = (
			);
			dependencies = (
				4377BA821AE72AAD001F9B5B /* PBXTargetDependency */,
				4377BA841AE72AAD001F9B5B /* PBXTargetDependency */,
			);
			name = CaretKitTests;
			productName = CaretKitTests;
			productReference = 4377BA7F1AE72AAD001F9B5B /* CaretKitTests.xctest */;
			productType = "com.apple.product-type.bundle.unit-test";
		};
		4377BA981AE73342001F9B5B /* Caret WatchKit Extension */ = {
			isa = PBXNativeTarget;
			buildConfigurationList = 4377BABA1AE73343001F9B5B /* Build configuration list for PBXNativeTarget "Caret WatchKit Extension" */;
			buildPhases = (
				401BA7837D8A870AD89A729A /* Check Pods Manifest.lock */,
				4377BA951AE73342001F9B5B /* Sources */,
				4377BA961AE73342001F9B5B /* Frameworks */,
				4377BA971AE73342001F9B5B /* Resources */,
				85D7F6F9972D4C84C4EDDF33 /* Embed Pods Frameworks */,
				932B302E3EF07C2E0A35E562 /* Copy Pods Resources */,
			);
			buildRules = (
			);
			dependencies = (
				4377BAAB1AE73343001F9B5B /* PBXTargetDependency */,
			);
			name = "Caret WatchKit Extension";
			productName = "Caret WatchKit Extension";
			productReference = 4377BA991AE73342001F9B5B /* Caret WatchKit Extension.appex */;
			productType = "com.apple.product-type.watchkit-extension";
		};
		4377BAA71AE73343001F9B5B /* Caret WatchKit App */ = {
			isa = PBXNativeTarget;
			buildConfigurationList = 4377BAB71AE73343001F9B5B /* Build configuration list for PBXNativeTarget "Caret WatchKit App" */;
			buildPhases = (
				4377BAA61AE73343001F9B5B /* Resources */,
			);
			buildRules = (
			);
			dependencies = (
			);
			name = "Caret WatchKit App";
			productName = "Caret WatchKit App";
			productReference = 4377BAA81AE73343001F9B5B /* Caret WatchKit App.app */;
			productType = "com.apple.product-type.application.watchapp";
		};
		43E012381A993E9800647961 /* Caret */ = {
			isa = PBXNativeTarget;
			buildConfigurationList = 43E0125A1A993E9800647961 /* Build configuration list for PBXNativeTarget "Caret" */;
			buildPhases = (
				057BF152F519C974AD3F6BE3 /* Check Pods Manifest.lock */,
				43E012351A993E9800647961 /* Sources */,
				43E012361A993E9800647961 /* Frameworks */,
				43E012371A993E9800647961 /* Resources */,
				87775441C7CB58242D770633 /* Copy Pods Resources */,
				649E7DB2B758D2682DF240D3 /* Embed Pods Frameworks */,
				4377BA911AE72AAD001F9B5B /* Embed Frameworks */,
				4377BABD1AE73343001F9B5B /* Embed App Extensions */,
			);
			buildRules = (
			);
			dependencies = (
				4377BA8B1AE72AAD001F9B5B /* PBXTargetDependency */,
				4377BAB51AE73343001F9B5B /* PBXTargetDependency */,
			);
			name = Caret;
			productName = Caret;
			productReference = 43E012391A993E9800647961 /* Caret.app */;
			productType = "com.apple.product-type.application";
		};
		43E0124F1A993E9800647961 /* CaretTests */ = {
			isa = PBXNativeTarget;
			buildConfigurationList = 43E0125D1A993E9800647961 /* Build configuration list for PBXNativeTarget "CaretTests" */;
			buildPhases = (
				98AE031935E52E547C8F6026 /* Check Pods Manifest.lock */,
				43E0124C1A993E9800647961 /* Sources */,
				43E0124D1A993E9800647961 /* Frameworks */,
				43E0124E1A993E9800647961 /* Resources */,
				4FFEE7906C1571FB1DFC5FC3 /* Copy Pods Resources */,
				EA5B1E53AB7A503B8A359E86 /* Embed Pods Frameworks */,
			);
			buildRules = (
			);
			dependencies = (
				43E012521A993E9800647961 /* PBXTargetDependency */,
			);
			name = CaretTests;
			productName = CaretTests;
			productReference = 43E012501A993E9800647961 /* CaretTests.xctest */;
			productType = "com.apple.product-type.bundle.unit-test";
		};
/* End PBXNativeTarget section */

/* Begin PBXProject section */
		43E012311A993E9800647961 /* Project object */ = {
			isa = PBXProject;
			attributes = {
				LastUpgradeCheck = 0630;
				ORGANIZATIONNAME = "Nate Armstrong";
				TargetAttributes = {
					4377BA741AE72AAC001F9B5B = {
						CreatedOnToolsVersion = 6.3;
					};
					4377BA7E1AE72AAD001F9B5B = {
						CreatedOnToolsVersion = 6.3;
						TestTargetID = 43E012381A993E9800647961;
					};
					4377BA981AE73342001F9B5B = {
						CreatedOnToolsVersion = 6.3;
						DevelopmentTeam = 8YM7FJN8FY;
						SystemCapabilities = {
							com.apple.ApplicationGroups.iOS = {
								enabled = 1;
							};
						};
					};
					4377BAA71AE73343001F9B5B = {
						CreatedOnToolsVersion = 6.3;
					};
					43E012381A993E9800647961 = {
						CreatedOnToolsVersion = 6.3;
						DevelopmentTeam = 8YM7FJN8FY;
						SystemCapabilities = {
							com.apple.ApplicationGroups.iOS = {
								enabled = 1;
							};
						};
					};
					43E0124F1A993E9800647961 = {
						CreatedOnToolsVersion = 6.3;
						TestTargetID = 43E012381A993E9800647961;
					};
				};
			};
			buildConfigurationList = 43E012341A993E9800647961 /* Build configuration list for PBXProject "Caret" */;
			compatibilityVersion = "Xcode 3.2";
			developmentRegion = English;
			hasScannedForEncodings = 0;
			knownRegions = (
				en,
				Base,
			);
			mainGroup = 43E012301A993E9800647961;
			productRefGroup = 43E0123A1A993E9800647961 /* Products */;
			projectDirPath = "";
			projectRoot = "";
			targets = (
				43E012381A993E9800647961 /* Caret */,
				43E0124F1A993E9800647961 /* CaretTests */,
				4377BA741AE72AAC001F9B5B /* CaretKit */,
				4377BA7E1AE72AAD001F9B5B /* CaretKitTests */,
				4377BA981AE73342001F9B5B /* Caret WatchKit Extension */,
				4377BAA71AE73343001F9B5B /* Caret WatchKit App */,
			);
		};
/* End PBXProject section */

/* Begin PBXResourcesBuildPhase section */
		4377BA731AE72AAC001F9B5B /* Resources */ = {
			isa = PBXResourcesBuildPhase;
			buildActionMask = 2147483647;
			files = (
			);
			runOnlyForDeploymentPostprocessing = 0;
		};
		4377BA7D1AE72AAD001F9B5B /* Resources */ = {
			isa = PBXResourcesBuildPhase;
			buildActionMask = 2147483647;
			files = (
			);
			runOnlyForDeploymentPostprocessing = 0;
		};
		4377BA971AE73342001F9B5B /* Resources */ = {
			isa = PBXResourcesBuildPhase;
			buildActionMask = 2147483647;
			files = (
				4377BAA91AE73343001F9B5B /* Caret WatchKit App.app in Resources */,
				4377BAA51AE73342001F9B5B /* Images.xcassets in Resources */,
			);
			runOnlyForDeploymentPostprocessing = 0;
		};
		4377BAA61AE73343001F9B5B /* Resources */ = {
			isa = PBXResourcesBuildPhase;
			buildActionMask = 2147483647;
			files = (
				4377BAB11AE73343001F9B5B /* Interface.storyboard in Resources */,
				4377BAB31AE73343001F9B5B /* Images.xcassets in Resources */,
			);
			runOnlyForDeploymentPostprocessing = 0;
		};
		43E012371A993E9800647961 /* Resources */ = {
			isa = PBXResourcesBuildPhase;
			buildActionMask = 2147483647;
			files = (
				43E012461A993E9800647961 /* Main.storyboard in Resources */,
				43EB3D891ADB090E00111563 /* DashboardViewController.xib in Resources */,
				438CB0091AE3171900E0F1E2 /* Project.storyboard in Resources */,
				43E0124B1A993E9800647961 /* LaunchScreen.xib in Resources */,
				431166FF1ACE123D00ED78BA /* EntryAccessoryView.xib in Resources */,
				434CAAA01AE5AE1200B7C459 /* CalendarViewController.xib in Resources */,
				432B08251ABBDA6A00DBDF72 /* EntryTableViewCell.xib in Resources */,
				4345E04B1A9DA080008896D3 /* TimerEntryView.xib in Resources */,
				43EB3D8D1ADB92A000111563 /* CurrentEntryNavigationController.xib in Resources */,
				43E012481A993E9800647961 /* Images.xcassets in Resources */,
				43F9DA131ADF543A005ED457 /* Client.storyboard in Resources */,
			);
			runOnlyForDeploymentPostprocessing = 0;
		};
		43E0124E1A993E9800647961 /* Resources */ = {
			isa = PBXResourcesBuildPhase;
			buildActionMask = 2147483647;
			files = (
			);
			runOnlyForDeploymentPostprocessing = 0;
		};
/* End PBXResourcesBuildPhase section */

/* Begin PBXShellScriptBuildPhase section */
		057BF152F519C974AD3F6BE3 /* Check Pods Manifest.lock */ = {
			isa = PBXShellScriptBuildPhase;
			buildActionMask = 2147483647;
			files = (
			);
			inputPaths = (
			);
			name = "Check Pods Manifest.lock";
			outputPaths = (
			);
			runOnlyForDeploymentPostprocessing = 0;
			shellPath = /bin/sh;
			shellScript = "diff \"${PODS_ROOT}/../Podfile.lock\" \"${PODS_ROOT}/Manifest.lock\" > /dev/null\nif [[ $? != 0 ]] ; then\n    cat << EOM\nerror: The sandbox is not in sync with the Podfile.lock. Run 'pod install' or update your CocoaPods installation.\nEOM\n    exit 1\nfi\n";
			showEnvVarsInLog = 0;
		};
		401BA7837D8A870AD89A729A /* Check Pods Manifest.lock */ = {
			isa = PBXShellScriptBuildPhase;
			buildActionMask = 2147483647;
			files = (
			);
			inputPaths = (
			);
			name = "Check Pods Manifest.lock";
			outputPaths = (
			);
			runOnlyForDeploymentPostprocessing = 0;
			shellPath = /bin/sh;
			shellScript = "diff \"${PODS_ROOT}/../Podfile.lock\" \"${PODS_ROOT}/Manifest.lock\" > /dev/null\nif [[ $? != 0 ]] ; then\n    cat << EOM\nerror: The sandbox is not in sync with the Podfile.lock. Run 'pod install' or update your CocoaPods installation.\nEOM\n    exit 1\nfi\n";
			showEnvVarsInLog = 0;
		};
		4FFEE7906C1571FB1DFC5FC3 /* Copy Pods Resources */ = {
			isa = PBXShellScriptBuildPhase;
			buildActionMask = 2147483647;
			files = (
			);
			inputPaths = (
			);
			name = "Copy Pods Resources";
			outputPaths = (
			);
			runOnlyForDeploymentPostprocessing = 0;
			shellPath = /bin/sh;
			shellScript = "\"${SRCROOT}/Pods/Target Support Files/Pods/Pods-resources.sh\"\n";
			showEnvVarsInLog = 0;
		};
		649E7DB2B758D2682DF240D3 /* Embed Pods Frameworks */ = {
			isa = PBXShellScriptBuildPhase;
			buildActionMask = 2147483647;
			files = (
			);
			inputPaths = (
			);
			name = "Embed Pods Frameworks";
			outputPaths = (
			);
			runOnlyForDeploymentPostprocessing = 0;
			shellPath = /bin/sh;
			shellScript = "\"${SRCROOT}/Pods/Target Support Files/Pods/Pods-frameworks.sh\"\n";
			showEnvVarsInLog = 0;
		};
		85D7F6F9972D4C84C4EDDF33 /* Embed Pods Frameworks */ = {
			isa = PBXShellScriptBuildPhase;
			buildActionMask = 2147483647;
			files = (
			);
			inputPaths = (
			);
			name = "Embed Pods Frameworks";
			outputPaths = (
			);
			runOnlyForDeploymentPostprocessing = 0;
			shellPath = /bin/sh;
			shellScript = "\"${SRCROOT}/Pods/Target Support Files/Pods/Pods-frameworks.sh\"\n";
			showEnvVarsInLog = 0;
		};
		87775441C7CB58242D770633 /* Copy Pods Resources */ = {
			isa = PBXShellScriptBuildPhase;
			buildActionMask = 2147483647;
			files = (
			);
			inputPaths = (
			);
			name = "Copy Pods Resources";
			outputPaths = (
			);
			runOnlyForDeploymentPostprocessing = 0;
			shellPath = /bin/sh;
			shellScript = "\"${SRCROOT}/Pods/Target Support Files/Pods/Pods-resources.sh\"\n";
			showEnvVarsInLog = 0;
		};
		932B302E3EF07C2E0A35E562 /* Copy Pods Resources */ = {
			isa = PBXShellScriptBuildPhase;
			buildActionMask = 2147483647;
			files = (
			);
			inputPaths = (
			);
			name = "Copy Pods Resources";
			outputPaths = (
			);
			runOnlyForDeploymentPostprocessing = 0;
			shellPath = /bin/sh;
			shellScript = "\"${SRCROOT}/Pods/Target Support Files/Pods/Pods-resources.sh\"\n";
			showEnvVarsInLog = 0;
		};
		98AE031935E52E547C8F6026 /* Check Pods Manifest.lock */ = {
			isa = PBXShellScriptBuildPhase;
			buildActionMask = 2147483647;
			files = (
			);
			inputPaths = (
			);
			name = "Check Pods Manifest.lock";
			outputPaths = (
			);
			runOnlyForDeploymentPostprocessing = 0;
			shellPath = /bin/sh;
			shellScript = "diff \"${PODS_ROOT}/../Podfile.lock\" \"${PODS_ROOT}/Manifest.lock\" > /dev/null\nif [[ $? != 0 ]] ; then\n    cat << EOM\nerror: The sandbox is not in sync with the Podfile.lock. Run 'pod install' or update your CocoaPods installation.\nEOM\n    exit 1\nfi\n";
			showEnvVarsInLog = 0;
		};
		EA5B1E53AB7A503B8A359E86 /* Embed Pods Frameworks */ = {
			isa = PBXShellScriptBuildPhase;
			buildActionMask = 2147483647;
			files = (
			);
			inputPaths = (
			);
			name = "Embed Pods Frameworks";
			outputPaths = (
			);
			runOnlyForDeploymentPostprocessing = 0;
			shellPath = /bin/sh;
			shellScript = "\"${SRCROOT}/Pods/Target Support Files/Pods/Pods-frameworks.sh\"\n";
			showEnvVarsInLog = 0;
		};
/* End PBXShellScriptBuildPhase section */

/* Begin PBXSourcesBuildPhase section */
		4377BA701AE72AAC001F9B5B /* Sources */ = {
			isa = PBXSourcesBuildPhase;
			buildActionMask = 2147483647;
			files = (
			);
			runOnlyForDeploymentPostprocessing = 0;
		};
		4377BA7B1AE72AAD001F9B5B /* Sources */ = {
			isa = PBXSourcesBuildPhase;
			buildActionMask = 2147483647;
			files = (
				4377BA891AE72AAD001F9B5B /* CaretKitTests.swift in Sources */,
			);
			runOnlyForDeploymentPostprocessing = 0;
		};
		4377BA951AE73342001F9B5B /* Sources */ = {
			isa = PBXSourcesBuildPhase;
			buildActionMask = 2147483647;
			files = (
				4377BAA11AE73342001F9B5B /* NotificationController.swift in Sources */,
				4377BA9F1AE73342001F9B5B /* InterfaceController.swift in Sources */,
				4377BAA31AE73342001F9B5B /* GlanceController.swift in Sources */,
			);
			runOnlyForDeploymentPostprocessing = 0;
		};
		43E012351A993E9800647961 /* Sources */ = {
			isa = PBXSourcesBuildPhase;
			buildActionMask = 2147483647;
			files = (
				432B08271ABBE0E400DBDF72 /* EntryViewController.swift in Sources */,
				43E012921A994A0B00647961 /* NSDictionary+CL.m in Sources */,
				43E012981A99A57D00647961 /* SettingsViewController.swift in Sources */,
				43E012431A993E9800647961 /* ReportsViewController.swift in Sources */,
				4319E0D61ABA73A9006BFA40 /* NSDate+Utilities.m in Sources */,
				43EB3D881ADB090E00111563 /* DashboardViewController.swift in Sources */,
				43313E421AE03FD4006FAF8E /* SyncController.swift in Sources */,
				431167011ACE125A00ED78BA /* EntryAccessoryView.swift in Sources */,
				4319E0DB1ABA7CE2006BFA40 /* UIViewController+.swift in Sources */,
				43E012961A9963C100647961 /* NSDate+.swift in Sources */,
				438CB0041AE2DC2500E0F1E2 /* Project.swift in Sources */,
				43D587051ACCD0200083F079 /* WeekView.swift in Sources */,
				43E012931A994A0B00647961 /* UIColor+CL.m in Sources */,
				438CB0061AE2DC9800E0F1E2 /* ProjectHelper.swift in Sources */,
				43EB3D8C1ADB92A000111563 /* CurrentEntryNavigationController.swift in Sources */,
				43D587041ACCD0200083F079 /* MonthView.swift in Sources */,
				438CB00D1AE3179D00E0F1E2 /* ProjectViewController.swift in Sources */,
				43D587011ACCD0200083F079 /* ContentView.swift in Sources */,
				4345E0441A9D6F3D008896D3 /* Alamofire+.swift in Sources */,
				43E0123F1A993E9800647961 /* AppDelegate.swift in Sources */,
				4319E0D91ABA78F3006BFA40 /* Calendar.swift in Sources */,
				432A60251AEB0163000CBDFA /* TimerController.swift in Sources */,
				43D587001ACCD0200083F079 /* CalendarView.swift in Sources */,
				43E0128F1A994A0B00647961 /* DailyCalendarView.m in Sources */,
				43F9DA0B1ADF26FA005ED457 /* Data.xcdatamodeld in Sources */,
				4319E0E41ABA85A4006BFA40 /* EventEmitter.swift in Sources */,
				43D587031ACCD0200083F079 /* EasyCast.swift in Sources */,
				43E0128E1A994A0B00647961 /* CLWeeklyCalendarView.m in Sources */,
				4345E04D1A9DB1CD008896D3 /* TimerEntryView.swift in Sources */,
				43F9DA171ADF60D1005ED457 /* ClientViewController.swift in Sources */,
				4345E0481A9D9F86008896D3 /* SwipeView.m in Sources */,
				43E012901A994A0B00647961 /* DayTitleLabel.m in Sources */,
				43E012941A994A0B00647961 /* UIImage+CL.m in Sources */,
				43CD64BF1AC3C77A00BBD68F /* MergeTableViewController.swift in Sources */,
				432B08241ABBDA6A00DBDF72 /* EntryTableViewCell.swift in Sources */,
				4345E04F1A9EB409008896D3 /* DurationSliderView.swift in Sources */,
				43E0127D1A9944C200647961 /* UIColorExtension.swift in Sources */,
				434CAA9F1AE5AE1200B7C459 /* CalendarViewController.swift in Sources */,
				43E012411A993E9800647961 /* EntriesViewController.swift in Sources */,
				435C35401AEC564800FA70F2 /* TimerBarButtonItem.swift in Sources */,
				43BC26111AA6C5CD00CA1E53 /* whereIs.swift in Sources */,
				438823951AE42BE500A24D02 /* Entry.swift in Sources */,
				43F9DA151ADF5473005ED457 /* ClientsViewController.swift in Sources */,
				438823971AE42FE200A24D02 /* EntryHelper.swift in Sources */,
				438823901AE37DDD00A24D02 /* Client.swift in Sources */,
				43E012911A994A0B00647961 /* NSDate+CL.m in Sources */,
				43F9DA0F1ADF39B3005ED457 /* ClientHelper.swift in Sources */,
				43BC260A1AA57D8F00CA1E53 /* PanPauseGestureRecognizer.swift in Sources */,
				438CB00B1AE3178400E0F1E2 /* ProjectsViewController.swift in Sources */,
				4351B99F1A9AAB440008E8CD /* Resource.swift in Sources */,
				43BC260F1AA6AEC800CA1E53 /* decimalMinutesToTime.swift in Sources */,
				43D587021ACCD0200083F079 /* DayView.swift in Sources */,
				43313E401ADF729F006FAF8E /* PersistenceController.swift in Sources */,
			);
			runOnlyForDeploymentPostprocessing = 0;
		};
		43E0124C1A993E9800647961 /* Sources */ = {
			isa = PBXSourcesBuildPhase;
			buildActionMask = 2147483647;
			files = (
				4388239A1AE4327700A24D02 /* Entry.swift in Sources */,
				4388239B1AE4327700A24D02 /* EntryHelper.swift in Sources */,
				438823911AE37E2100A24D02 /* Client.swift in Sources */,
				4388238D1AE3572500A24D02 /* Project.swift in Sources */,
				4388238E1AE3572500A24D02 /* ProjectHelper.swift in Sources */,
				439FC9431AE1BB4D0079D10F /* SyncControllerTestCase.swift in Sources */,
				439FC9411AE184D30079D10F /* ClientHelper.swift in Sources */,
				4388238C1AE3570B00A24D02 /* ProjectTestCase.swift in Sources */,
				438823991AE4325100A24D02 /* EntryTestCase.swift in Sources */,
				434AC9C51AE17806001D7BF2 /* SyncController.swift in Sources */,
				434AC9C01AE17742001D7BF2 /* CoreDataTestCase.swift in Sources */,
				43E012571A993E9800647961 /* CaretTests.swift in Sources */,
				434AC9C21AE17793001D7BF2 /* ClientTestCase.swift in Sources */,
			);
			runOnlyForDeploymentPostprocessing = 0;
		};
/* End PBXSourcesBuildPhase section */

/* Begin PBXTargetDependency section */
		4377BA821AE72AAD001F9B5B /* PBXTargetDependency */ = {
			isa = PBXTargetDependency;
			target = 4377BA741AE72AAC001F9B5B /* CaretKit */;
			targetProxy = 4377BA811AE72AAD001F9B5B /* PBXContainerItemProxy */;
		};
		4377BA841AE72AAD001F9B5B /* PBXTargetDependency */ = {
			isa = PBXTargetDependency;
			target = 43E012381A993E9800647961 /* Caret */;
			targetProxy = 4377BA831AE72AAD001F9B5B /* PBXContainerItemProxy */;
		};
		4377BA8B1AE72AAD001F9B5B /* PBXTargetDependency */ = {
			isa = PBXTargetDependency;
			target = 4377BA741AE72AAC001F9B5B /* CaretKit */;
			targetProxy = 4377BA8A1AE72AAD001F9B5B /* PBXContainerItemProxy */;
		};
		4377BAAB1AE73343001F9B5B /* PBXTargetDependency */ = {
			isa = PBXTargetDependency;
			target = 4377BAA71AE73343001F9B5B /* Caret WatchKit App */;
			targetProxy = 4377BAAA1AE73343001F9B5B /* PBXContainerItemProxy */;
		};
		4377BAB51AE73343001F9B5B /* PBXTargetDependency */ = {
			isa = PBXTargetDependency;
			target = 4377BA981AE73342001F9B5B /* Caret WatchKit Extension */;
			targetProxy = 4377BAB41AE73343001F9B5B /* PBXContainerItemProxy */;
		};
		43E012521A993E9800647961 /* PBXTargetDependency */ = {
			isa = PBXTargetDependency;
			target = 43E012381A993E9800647961 /* Caret */;
			targetProxy = 43E012511A993E9800647961 /* PBXContainerItemProxy */;
		};
/* End PBXTargetDependency section */

/* Begin PBXVariantGroup section */
		4377BAAF1AE73343001F9B5B /* Interface.storyboard */ = {
			isa = PBXVariantGroup;
			children = (
				4377BAB01AE73343001F9B5B /* Base */,
			);
			name = Interface.storyboard;
			sourceTree = "<group>";
		};
		438CB0071AE3171900E0F1E2 /* Project.storyboard */ = {
			isa = PBXVariantGroup;
			children = (
				438CB0081AE3171900E0F1E2 /* Base */,
			);
			name = Project.storyboard;
			sourceTree = "<group>";
		};
		43E012441A993E9800647961 /* Main.storyboard */ = {
			isa = PBXVariantGroup;
			children = (
				43E012451A993E9800647961 /* Base */,
			);
			name = Main.storyboard;
			sourceTree = "<group>";
		};
		43E012491A993E9800647961 /* LaunchScreen.xib */ = {
			isa = PBXVariantGroup;
			children = (
				43E0124A1A993E9800647961 /* Base */,
			);
			name = LaunchScreen.xib;
			sourceTree = "<group>";
		};
/* End PBXVariantGroup section */

/* Begin XCBuildConfiguration section */
		4377BA8F1AE72AAD001F9B5B /* Debug */ = {
			isa = XCBuildConfiguration;
			buildSettings = {
				CURRENT_PROJECT_VERSION = 1;
				DEBUG_INFORMATION_FORMAT = "dwarf-with-dsym";
				DEFINES_MODULE = YES;
				DYLIB_COMPATIBILITY_VERSION = 1;
				DYLIB_CURRENT_VERSION = 1;
				DYLIB_INSTALL_NAME_BASE = "@rpath";
				GCC_NO_COMMON_BLOCKS = YES;
				GCC_PREPROCESSOR_DEFINITIONS = (
					"DEBUG=1",
					"$(inherited)",
				);
				INFOPLIST_FILE = CaretKit/Info.plist;
				INSTALL_PATH = "$(LOCAL_LIBRARY_DIR)/Frameworks";
				LD_RUNPATH_SEARCH_PATHS = "$(inherited) @executable_path/Frameworks @loader_path/Frameworks";
				PRODUCT_NAME = "$(TARGET_NAME)";
				SKIP_INSTALL = YES;
				VERSIONING_SYSTEM = "apple-generic";
				VERSION_INFO_PREFIX = "";
			};
			name = Debug;
		};
		4377BA901AE72AAD001F9B5B /* Release */ = {
			isa = XCBuildConfiguration;
			buildSettings = {
				CURRENT_PROJECT_VERSION = 1;
				DEFINES_MODULE = YES;
				DYLIB_COMPATIBILITY_VERSION = 1;
				DYLIB_CURRENT_VERSION = 1;
				DYLIB_INSTALL_NAME_BASE = "@rpath";
				GCC_NO_COMMON_BLOCKS = YES;
				INFOPLIST_FILE = CaretKit/Info.plist;
				INSTALL_PATH = "$(LOCAL_LIBRARY_DIR)/Frameworks";
				LD_RUNPATH_SEARCH_PATHS = "$(inherited) @executable_path/Frameworks @loader_path/Frameworks";
				PRODUCT_NAME = "$(TARGET_NAME)";
				SKIP_INSTALL = YES;
				VERSIONING_SYSTEM = "apple-generic";
				VERSION_INFO_PREFIX = "";
			};
			name = Release;
		};
		4377BA931AE72AAD001F9B5B /* Debug */ = {
			isa = XCBuildConfiguration;
			buildSettings = {
				DEBUG_INFORMATION_FORMAT = "dwarf-with-dsym";
				FRAMEWORK_SEARCH_PATHS = (
					"$(SDKROOT)/Developer/Library/Frameworks",
					"$(inherited)",
				);
				GCC_NO_COMMON_BLOCKS = YES;
				GCC_PREPROCESSOR_DEFINITIONS = (
					"DEBUG=1",
					"$(inherited)",
				);
				INFOPLIST_FILE = CaretKitTests/Info.plist;
				LD_RUNPATH_SEARCH_PATHS = "$(inherited) @executable_path/Frameworks @loader_path/Frameworks";
				PRODUCT_NAME = "$(TARGET_NAME)";
				TEST_HOST = "$(BUILT_PRODUCTS_DIR)/Caret.app/Caret";
			};
			name = Debug;
		};
		4377BA941AE72AAD001F9B5B /* Release */ = {
			isa = XCBuildConfiguration;
			buildSettings = {
				FRAMEWORK_SEARCH_PATHS = (
					"$(SDKROOT)/Developer/Library/Frameworks",
					"$(inherited)",
				);
				GCC_NO_COMMON_BLOCKS = YES;
				INFOPLIST_FILE = CaretKitTests/Info.plist;
				LD_RUNPATH_SEARCH_PATHS = "$(inherited) @executable_path/Frameworks @loader_path/Frameworks";
				PRODUCT_NAME = "$(TARGET_NAME)";
				TEST_HOST = "$(BUILT_PRODUCTS_DIR)/Caret.app/Caret";
			};
			name = Release;
		};
		4377BAB81AE73343001F9B5B /* Debug */ = {
			isa = XCBuildConfiguration;
			buildSettings = {
				ASSETCATALOG_COMPILER_APPICON_NAME = AppIcon;
				DEBUG_INFORMATION_FORMAT = "dwarf-with-dsym";
				GCC_NO_COMMON_BLOCKS = YES;
				GCC_PREPROCESSOR_DEFINITIONS = (
					"DEBUG=1",
					"$(inherited)",
				);
				IBSC_MODULE = Caret_WatchKit_Extension;
				INFOPLIST_FILE = "Caret WatchKit App/Info.plist";
				IPHONEOS_DEPLOYMENT_TARGET = 8.2;
				PRODUCT_NAME = "$(TARGET_NAME)";
				SKIP_INSTALL = YES;
				TARGETED_DEVICE_FAMILY = 4;
				"TARGETED_DEVICE_FAMILY[sdk=iphonesimulator*]" = "1,4";
			};
			name = Debug;
		};
		4377BAB91AE73343001F9B5B /* Release */ = {
			isa = XCBuildConfiguration;
			buildSettings = {
				ASSETCATALOG_COMPILER_APPICON_NAME = AppIcon;
				GCC_NO_COMMON_BLOCKS = YES;
				IBSC_MODULE = Caret_WatchKit_Extension;
				INFOPLIST_FILE = "Caret WatchKit App/Info.plist";
				IPHONEOS_DEPLOYMENT_TARGET = 8.2;
				PRODUCT_NAME = "$(TARGET_NAME)";
				SKIP_INSTALL = YES;
				TARGETED_DEVICE_FAMILY = 4;
				"TARGETED_DEVICE_FAMILY[sdk=iphonesimulator*]" = "1,4";
			};
			name = Release;
		};
		4377BABB1AE73343001F9B5B /* Debug */ = {
			isa = XCBuildConfiguration;
			baseConfigurationReference = F83930592AAB2992D6283784 /* Pods.debug.xcconfig */;
			buildSettings = {
				CODE_SIGN_ENTITLEMENTS = "Caret WatchKit Extension/Caret WatchKit Extension.entitlements";
				CODE_SIGN_IDENTITY = "iPhone Developer";
				"CODE_SIGN_IDENTITY[sdk=iphoneos*]" = "iPhone Developer";
				DEBUG_INFORMATION_FORMAT = "dwarf-with-dsym";
				GCC_NO_COMMON_BLOCKS = YES;
				GCC_PREPROCESSOR_DEFINITIONS = (
					"DEBUG=1",
					"$(inherited)",
				);
				INFOPLIST_FILE = "Caret WatchKit Extension/Info.plist";
				LD_RUNPATH_SEARCH_PATHS = "$(inherited) @executable_path/Frameworks @executable_path/../../Frameworks";
				PRODUCT_NAME = "${TARGET_NAME}";
				PROVISIONING_PROFILE = "";
				SKIP_INSTALL = YES;
			};
			name = Debug;
		};
		4377BABC1AE73343001F9B5B /* Release */ = {
			isa = XCBuildConfiguration;
			baseConfigurationReference = 5AF3B173D9B7891209ECB5DA /* Pods.release.xcconfig */;
			buildSettings = {
				CODE_SIGN_ENTITLEMENTS = "Caret WatchKit Extension/Caret WatchKit Extension.entitlements";
				CODE_SIGN_IDENTITY = "iPhone Developer";
				"CODE_SIGN_IDENTITY[sdk=iphoneos*]" = "iPhone Developer";
				GCC_NO_COMMON_BLOCKS = YES;
				INFOPLIST_FILE = "Caret WatchKit Extension/Info.plist";
				LD_RUNPATH_SEARCH_PATHS = "$(inherited) @executable_path/Frameworks @executable_path/../../Frameworks";
				PRODUCT_NAME = "${TARGET_NAME}";
				PROVISIONING_PROFILE = "";
				SKIP_INSTALL = YES;
			};
			name = Release;
		};
		43E012581A993E9800647961 /* Debug */ = {
			isa = XCBuildConfiguration;
			buildSettings = {
				ALWAYS_SEARCH_USER_PATHS = NO;
				CLANG_CXX_LANGUAGE_STANDARD = "gnu++0x";
				CLANG_CXX_LIBRARY = "libc++";
				CLANG_ENABLE_MODULES = YES;
				CLANG_ENABLE_OBJC_ARC = YES;
				CLANG_WARN_BOOL_CONVERSION = YES;
				CLANG_WARN_CONSTANT_CONVERSION = YES;
				CLANG_WARN_DIRECT_OBJC_ISA_USAGE = YES_ERROR;
				CLANG_WARN_EMPTY_BODY = YES;
				CLANG_WARN_ENUM_CONVERSION = YES;
				CLANG_WARN_INT_CONVERSION = YES;
				CLANG_WARN_OBJC_ROOT_CLASS = YES_ERROR;
				CLANG_WARN_UNREACHABLE_CODE = YES;
				CLANG_WARN__DUPLICATE_METHOD_MATCH = YES;
				"CODE_SIGN_IDENTITY[sdk=iphoneos*]" = "iPhone Developer";
				COPY_PHASE_STRIP = NO;
				DEBUG_INFORMATION_FORMAT = dwarf;
				ENABLE_STRICT_OBJC_MSGSEND = YES;
				GCC_C_LANGUAGE_STANDARD = gnu99;
				GCC_DYNAMIC_NO_PIC = NO;
				GCC_OPTIMIZATION_LEVEL = 0;
				GCC_PREPROCESSOR_DEFINITIONS = (
					"DEBUG=1",
					"$(inherited)",
				);
				GCC_SYMBOLS_PRIVATE_EXTERN = NO;
				GCC_WARN_64_TO_32_BIT_CONVERSION = YES;
				GCC_WARN_ABOUT_RETURN_TYPE = YES_ERROR;
				GCC_WARN_UNDECLARED_SELECTOR = YES;
				GCC_WARN_UNINITIALIZED_AUTOS = YES_AGGRESSIVE;
				GCC_WARN_UNUSED_FUNCTION = YES;
				GCC_WARN_UNUSED_VARIABLE = YES;
				IPHONEOS_DEPLOYMENT_TARGET = 8.3;
				MTL_ENABLE_DEBUG_INFO = YES;
				ONLY_ACTIVE_ARCH = YES;
				SDKROOT = iphoneos;
				SWIFT_OPTIMIZATION_LEVEL = "-Onone";
				TARGETED_DEVICE_FAMILY = "1,2";
			};
			name = Debug;
		};
		43E012591A993E9800647961 /* Release */ = {
			isa = XCBuildConfiguration;
			buildSettings = {
				ALWAYS_SEARCH_USER_PATHS = NO;
				CLANG_CXX_LANGUAGE_STANDARD = "gnu++0x";
				CLANG_CXX_LIBRARY = "libc++";
				CLANG_ENABLE_MODULES = YES;
				CLANG_ENABLE_OBJC_ARC = YES;
				CLANG_WARN_BOOL_CONVERSION = YES;
				CLANG_WARN_CONSTANT_CONVERSION = YES;
				CLANG_WARN_DIRECT_OBJC_ISA_USAGE = YES_ERROR;
				CLANG_WARN_EMPTY_BODY = YES;
				CLANG_WARN_ENUM_CONVERSION = YES;
				CLANG_WARN_INT_CONVERSION = YES;
				CLANG_WARN_OBJC_ROOT_CLASS = YES_ERROR;
				CLANG_WARN_UNREACHABLE_CODE = YES;
				CLANG_WARN__DUPLICATE_METHOD_MATCH = YES;
				"CODE_SIGN_IDENTITY[sdk=iphoneos*]" = "iPhone Developer";
				COPY_PHASE_STRIP = NO;
				DEBUG_INFORMATION_FORMAT = "dwarf-with-dsym";
				ENABLE_NS_ASSERTIONS = NO;
				ENABLE_STRICT_OBJC_MSGSEND = YES;
				GCC_C_LANGUAGE_STANDARD = gnu99;
				GCC_WARN_64_TO_32_BIT_CONVERSION = YES;
				GCC_WARN_ABOUT_RETURN_TYPE = YES_ERROR;
				GCC_WARN_UNDECLARED_SELECTOR = YES;
				GCC_WARN_UNINITIALIZED_AUTOS = YES_AGGRESSIVE;
				GCC_WARN_UNUSED_FUNCTION = YES;
				GCC_WARN_UNUSED_VARIABLE = YES;
				IPHONEOS_DEPLOYMENT_TARGET = 8.3;
				MTL_ENABLE_DEBUG_INFO = NO;
				SDKROOT = iphoneos;
				TARGETED_DEVICE_FAMILY = "1,2";
				VALIDATE_PRODUCT = YES;
			};
			name = Release;
		};
		43E0125B1A993E9800647961 /* Debug */ = {
			isa = XCBuildConfiguration;
			baseConfigurationReference = F83930592AAB2992D6283784 /* Pods.debug.xcconfig */;
			buildSettings = {
				ASSETCATALOG_COMPILER_APPICON_NAME = AppIcon;
				CLANG_ENABLE_MODULES = YES;
				CODE_SIGN_ENTITLEMENTS = Caret/Caret.entitlements;
				CODE_SIGN_IDENTITY = "iPhone Developer";
				"CODE_SIGN_IDENTITY[sdk=iphoneos*]" = "iPhone Developer";
				INFOPLIST_FILE = Caret/Info.plist;
				IPHONEOS_DEPLOYMENT_TARGET = 8.3;
				LD_RUNPATH_SEARCH_PATHS = "$(inherited) @executable_path/Frameworks";
				PRODUCT_NAME = "$(TARGET_NAME)";
				PROVISIONING_PROFILE = "";
				SWIFT_OBJC_BRIDGING_HEADER = "Caret/Caret-Bridging-Header.h";
				SWIFT_OPTIMIZATION_LEVEL = "-Onone";
			};
			name = Debug;
		};
		43E0125C1A993E9800647961 /* Release */ = {
			isa = XCBuildConfiguration;
			baseConfigurationReference = 5AF3B173D9B7891209ECB5DA /* Pods.release.xcconfig */;
			buildSettings = {
				ASSETCATALOG_COMPILER_APPICON_NAME = AppIcon;
				CLANG_ENABLE_MODULES = YES;
				CODE_SIGN_ENTITLEMENTS = Caret/Caret.entitlements;
				CODE_SIGN_IDENTITY = "iPhone Developer";
				"CODE_SIGN_IDENTITY[sdk=iphoneos*]" = "iPhone Developer";
				INFOPLIST_FILE = Caret/Info.plist;
				IPHONEOS_DEPLOYMENT_TARGET = 8.3;
				LD_RUNPATH_SEARCH_PATHS = "$(inherited) @executable_path/Frameworks";
				PRODUCT_NAME = "$(TARGET_NAME)";
				PROVISIONING_PROFILE = "";
				SWIFT_OBJC_BRIDGING_HEADER = "Caret/Caret-Bridging-Header.h";
			};
			name = Release;
		};
		43E0125E1A993E9800647961 /* Debug */ = {
			isa = XCBuildConfiguration;
			baseConfigurationReference = F83930592AAB2992D6283784 /* Pods.debug.xcconfig */;
			buildSettings = {
				BUNDLE_LOADER = "$(TEST_HOST)";
				FRAMEWORK_SEARCH_PATHS = (
					"$(SDKROOT)/Developer/Library/Frameworks",
					"$(inherited)",
				);
				GCC_PREPROCESSOR_DEFINITIONS = (
					"DEBUG=1",
					"$(inherited)",
				);
				INFOPLIST_FILE = CaretTests/Info.plist;
				IPHONEOS_DEPLOYMENT_TARGET = 8.3;
				LD_RUNPATH_SEARCH_PATHS = "$(inherited) @executable_path/Frameworks @loader_path/Frameworks";
				PRODUCT_NAME = "$(TARGET_NAME)";
				TEST_HOST = "$(BUILT_PRODUCTS_DIR)/Caret.app/Caret";
			};
			name = Debug;
		};
		43E0125F1A993E9800647961 /* Release */ = {
			isa = XCBuildConfiguration;
			baseConfigurationReference = 5AF3B173D9B7891209ECB5DA /* Pods.release.xcconfig */;
			buildSettings = {
				BUNDLE_LOADER = "$(TEST_HOST)";
				FRAMEWORK_SEARCH_PATHS = (
					"$(SDKROOT)/Developer/Library/Frameworks",
					"$(inherited)",
				);
				INFOPLIST_FILE = CaretTests/Info.plist;
				IPHONEOS_DEPLOYMENT_TARGET = 8.3;
				LD_RUNPATH_SEARCH_PATHS = "$(inherited) @executable_path/Frameworks @loader_path/Frameworks";
				PRODUCT_NAME = "$(TARGET_NAME)";
				TEST_HOST = "$(BUILT_PRODUCTS_DIR)/Caret.app/Caret";
			};
			name = Release;
		};
/* End XCBuildConfiguration section */

/* Begin XCConfigurationList section */
		4377BA8E1AE72AAD001F9B5B /* Build configuration list for PBXNativeTarget "CaretKit" */ = {
			isa = XCConfigurationList;
			buildConfigurations = (
				4377BA8F1AE72AAD001F9B5B /* Debug */,
				4377BA901AE72AAD001F9B5B /* Release */,
			);
			defaultConfigurationIsVisible = 0;
			defaultConfigurationName = Release;
		};
		4377BA921AE72AAD001F9B5B /* Build configuration list for PBXNativeTarget "CaretKitTests" */ = {
			isa = XCConfigurationList;
			buildConfigurations = (
				4377BA931AE72AAD001F9B5B /* Debug */,
				4377BA941AE72AAD001F9B5B /* Release */,
			);
			defaultConfigurationIsVisible = 0;
			defaultConfigurationName = Release;
		};
		4377BAB71AE73343001F9B5B /* Build configuration list for PBXNativeTarget "Caret WatchKit App" */ = {
			isa = XCConfigurationList;
			buildConfigurations = (
				4377BAB81AE73343001F9B5B /* Debug */,
				4377BAB91AE73343001F9B5B /* Release */,
			);
			defaultConfigurationIsVisible = 0;
			defaultConfigurationName = Release;
		};
		4377BABA1AE73343001F9B5B /* Build configuration list for PBXNativeTarget "Caret WatchKit Extension" */ = {
			isa = XCConfigurationList;
			buildConfigurations = (
				4377BABB1AE73343001F9B5B /* Debug */,
				4377BABC1AE73343001F9B5B /* Release */,
			);
			defaultConfigurationIsVisible = 0;
			defaultConfigurationName = Release;
		};
		43E012341A993E9800647961 /* Build configuration list for PBXProject "Caret" */ = {
			isa = XCConfigurationList;
			buildConfigurations = (
				43E012581A993E9800647961 /* Debug */,
				43E012591A993E9800647961 /* Release */,
			);
			defaultConfigurationIsVisible = 0;
			defaultConfigurationName = Release;
		};
		43E0125A1A993E9800647961 /* Build configuration list for PBXNativeTarget "Caret" */ = {
			isa = XCConfigurationList;
			buildConfigurations = (
				43E0125B1A993E9800647961 /* Debug */,
				43E0125C1A993E9800647961 /* Release */,
			);
			defaultConfigurationIsVisible = 0;
			defaultConfigurationName = Release;
		};
		43E0125D1A993E9800647961 /* Build configuration list for PBXNativeTarget "CaretTests" */ = {
			isa = XCConfigurationList;
			buildConfigurations = (
				43E0125E1A993E9800647961 /* Debug */,
				43E0125F1A993E9800647961 /* Release */,
			);
			defaultConfigurationIsVisible = 0;
			defaultConfigurationName = Release;
		};
/* End XCConfigurationList section */

/* Begin XCVersionGroup section */
		43F9DA091ADF26FA005ED457 /* Data.xcdatamodeld */ = {
			isa = XCVersionGroup;
			children = (
				43F9DA0A1ADF26FA005ED457 /* Data.xcdatamodel */,
			);
			currentVersion = 43F9DA0A1ADF26FA005ED457 /* Data.xcdatamodel */;
			path = Data.xcdatamodeld;
			sourceTree = "<group>";
			versionGroupType = wrapper.xcdatamodel;
		};
/* End XCVersionGroup section */
	};
	rootObject = 43E012311A993E9800647961 /* Project object */;
}
